// !$*UTF8*$!
{
	archiveVersion = 1;
	classes = {
	};
	objectVersion = 77;
	objects = {

/* Begin PBXBuildFile section */
		0201377840ABAB6CBFFC1B2E /* FGCRealtimeService.swift in Sources */ = {isa = PBXBuildFile; fileRef = 35E2C65F4DFE4C61818BB910 /* FGCRealtimeService.swift */; };
		07689BF0FD440DEB5234828C /* ServiceProtocols.swift in Sources */ = {isa = PBXBuildFile; fileRef = D9E0AA5F3D017BBF0969E9C3 /* ServiceProtocols.swift */; };
		08F282B1942482E07B269241 /* CalendarService.swift in Sources */ = {isa = PBXBuildFile; fileRef = C1DF11C3AF25C42E5139C208 /* CalendarService.swift */; };
		0CD86467ECE314CD9EC80113 /* ZIPFoundation in Frameworks */ = {isa = PBXBuildFile; productRef = 28513D3952C73A9561F9B69A /* ZIPFoundation */; };
		0D963B2D347C4967BCCAABD7 /* GTFSCSVParser.swift in Sources */ = {isa = PBXBuildFile; fileRef = 8247A900571F1459CE4E7445 /* GTFSCSVParser.swift */; };
		12D323D8B071E749F1E93CCA /* Constants.swift in Sources */ = {isa = PBXBuildFile; fileRef = 36AAF06A93BCDCBFC80F57A8 /* Constants.swift */; };
		21E98B53303062E03170263E /* ZIPFoundation in Frameworks */ = {isa = PBXBuildFile; productRef = 27A8039787617D08305B2D96 /* ZIPFoundation */; };
		25A749D2BC36F81BC275A05A /* SharedContainer.swift in Sources */ = {isa = PBXBuildFile; fileRef = 6F818535CA4A0F47CBF4BAAC /* SharedContainer.swift */; };
		26CB5C838DE9AA34342EBE8D /* CommuteEngine.swift in Sources */ = {isa = PBXBuildFile; fileRef = E812D1903C4F7ABA38293E96 /* CommuteEngine.swift */; };
		2C08A152E16A761B36FBF2ED /* ServiceProtocols.swift in Sources */ = {isa = PBXBuildFile; fileRef = D9E0AA5F3D017BBF0969E9C3 /* ServiceProtocols.swift */; };
		2E1956A189C093AD59B3CD89 /* ServiceProtocols.swift in Sources */ = {isa = PBXBuildFile; fileRef = D9E0AA5F3D017BBF0969E9C3 /* ServiceProtocols.swift */; };
		33D6319013DB866AA90C3233 /* SwiftProtobuf in Frameworks */ = {isa = PBXBuildFile; productRef = D4F2EF7421B8EE499D738B0A /* SwiftProtobuf */; };
		35FD2352E28FC3B640138FE7 /* SwiftProtobuf in Frameworks */ = {isa = PBXBuildFile; productRef = E80FA75490B283D97ECD68F2 /* SwiftProtobuf */; };
		36D74F5CCE986773F3784D5D /* GTFSCSVParser.swift in Sources */ = {isa = PBXBuildFile; fileRef = 8247A900571F1459CE4E7445 /* GTFSCSVParser.swift */; };
		3BD5828A6C3123CCE639203F /* gtfs-realtime.pb.swift in Sources */ = {isa = PBXBuildFile; fileRef = 71CF253A1C18D60F29EE320A /* gtfs-realtime.pb.swift */; };
		3CBCD91A1DDC7F82D7D6A55D /* FGCStaticService.swift in Sources */ = {isa = PBXBuildFile; fileRef = 2268416F18AD0824603CC26A /* FGCStaticService.swift */; };
		4F275B3472B14D7FAFDA69CC /* CalendarService.swift in Sources */ = {isa = PBXBuildFile; fileRef = C1DF11C3AF25C42E5139C208 /* CalendarService.swift */; };
		5898EF408143E7AFAB4977F1 /* ContentView.swift in Sources */ = {isa = PBXBuildFile; fileRef = 176762DDF2DAB962A2A7BC27 /* ContentView.swift */; };
		58E00F9A5919CD6E8B8061EC /* SharedSettingsView.swift in Sources */ = {isa = PBXBuildFile; fileRef = C003CED32F99747E111DD59C /* SharedSettingsView.swift */; };
		599C39559C717A168F978C73 /* MakoLiveActivity.swift in Sources */ = {isa = PBXBuildFile; fileRef = 6DD6518104687B3357731A4C /* MakoLiveActivity.swift */; };
		635A9FA1F385DE069F5445A3 /* CalendarService.swift in Sources */ = {isa = PBXBuildFile; fileRef = C1DF11C3AF25C42E5139C208 /* CalendarService.swift */; };
		68D1E9D598A4EAEA2CAB5560 /* MakoWidgets.appex in Embed Foundation Extensions */ = {isa = PBXBuildFile; fileRef = A9FB4B4291E0819A61392517 /* MakoWidgets.appex */; settings = {ATTRIBUTES = (RemoveHeadersOnCopy, ); }; };
		71682BD2C17FCB3B7BCF4B9B /* FGCRealtimeService.swift in Sources */ = {isa = PBXBuildFile; fileRef = 35E2C65F4DFE4C61818BB910 /* FGCRealtimeService.swift */; };
		770EF53C094214730FDEE9E2 /* SharedSettingsView.swift in Sources */ = {isa = PBXBuildFile; fileRef = C003CED32F99747E111DD59C /* SharedSettingsView.swift */; };
		782A44CCD701D458C99DD69A /* MakoMacApp.swift in Sources */ = {isa = PBXBuildFile; fileRef = B1BAA95661A1DBA9FFFFDF23 /* MakoMacApp.swift */; };
		7CAA73E4DC6DCF9D179329D7 /* MakoWidgetsBundle.swift in Sources */ = {isa = PBXBuildFile; fileRef = AA06F4A076F658330EF05902 /* MakoWidgetsBundle.swift */; };
		7DB297542756B3995E36E9B8 /* MakoStore.swift in Sources */ = {isa = PBXBuildFile; fileRef = F83028A8FF7E754F3F8DF763 /* MakoStore.swift */; };
		8696DB6B63687664796E7DE3 /* ZIPFoundation in Frameworks */ = {isa = PBXBuildFile; productRef = 8A2667697955DE568E350A23 /* ZIPFoundation */; };
		97C731566E2D97DA69279E74 /* MakoiOSApp.swift in Sources */ = {isa = PBXBuildFile; fileRef = 917F89A9054E15D29ED0450C /* MakoiOSApp.swift */; };
		A119CEABBCB9B8D527162837 /* GTFSCSVParser.swift in Sources */ = {isa = PBXBuildFile; fileRef = 8247A900571F1459CE4E7445 /* GTFSCSVParser.swift */; };
		A6FAD73B8455B6F5C6F7617B /* TransitModels.swift in Sources */ = {isa = PBXBuildFile; fileRef = DF3D6A2B3DF76CEC1CDA4022 /* TransitModels.swift */; };
		A8F44DA48C2B0C4305FA77E6 /* SharedSettingsView.swift in Sources */ = {isa = PBXBuildFile; fileRef = C003CED32F99747E111DD59C /* SharedSettingsView.swift */; };
		AD1A1B24E113A964192F4BEC /* FGCStaticService.swift in Sources */ = {isa = PBXBuildFile; fileRef = 2268416F18AD0824603CC26A /* FGCStaticService.swift */; };
		AF14C7211326CF3BD2650546 /* MakoActivityAttributes.swift in Sources */ = {isa = PBXBuildFile; fileRef = 01908C6DBDC90C181F7AC6CA /* MakoActivityAttributes.swift */; };
		B4A63898219E4414EF95D968 /* FGCStaticService.swift in Sources */ = {isa = PBXBuildFile; fileRef = 2268416F18AD0824603CC26A /* FGCStaticService.swift */; };
		BEEEA85155115D1A6A4E479B /* CommuteEngine.swift in Sources */ = {isa = PBXBuildFile; fileRef = E812D1903C4F7ABA38293E96 /* CommuteEngine.swift */; };
		C01631A0A81C8BBFE9D2BBDD /* gtfs-realtime.pb.swift in Sources */ = {isa = PBXBuildFile; fileRef = 71CF253A1C18D60F29EE320A /* gtfs-realtime.pb.swift */; };
		C0A7A655D7C262886FBE6540 /* SharedContainer.swift in Sources */ = {isa = PBXBuildFile; fileRef = 6F818535CA4A0F47CBF4BAAC /* SharedContainer.swift */; };
		C545C66331B51ACA887DE1A2 /* NotificationScheduler.swift in Sources */ = {isa = PBXBuildFile; fileRef = C8915B776CC0738FE62EAE50 /* NotificationScheduler.swift */; };
		C70DE6D403FE2648E774129B /* MenuBarView.swift in Sources */ = {isa = PBXBuildFile; fileRef = E522953531D3449824BCCF5B /* MenuBarView.swift */; };
		C733D3181C6175F4F3EF3BFC /* gtfs-realtime.pb.swift in Sources */ = {isa = PBXBuildFile; fileRef = 71CF253A1C18D60F29EE320A /* gtfs-realtime.pb.swift */; };
		C9FF0D92F67D4928600C0FB7 /* Constants.swift in Sources */ = {isa = PBXBuildFile; fileRef = 36AAF06A93BCDCBFC80F57A8 /* Constants.swift */; };
		D0509834ADF8C28BC757B95D /* CommuteEngine.swift in Sources */ = {isa = PBXBuildFile; fileRef = E812D1903C4F7ABA38293E96 /* CommuteEngine.swift */; };
		D2274E0E4DE6BA7CB12EAAB0 /* FGCRealtimeService.swift in Sources */ = {isa = PBXBuildFile; fileRef = 35E2C65F4DFE4C61818BB910 /* FGCRealtimeService.swift */; };
		D660D3CDB7AB708DCC92CC33 /* TransitModels.swift in Sources */ = {isa = PBXBuildFile; fileRef = DF3D6A2B3DF76CEC1CDA4022 /* TransitModels.swift */; };
		D87B641BE2B695F1991FA3D5 /* SharedContainer.swift in Sources */ = {isa = PBXBuildFile; fileRef = 6F818535CA4A0F47CBF4BAAC /* SharedContainer.swift */; };
		DA412654B9B31C6692CCFED3 /* MakoActivityAttributes.swift in Sources */ = {isa = PBXBuildFile; fileRef = 01908C6DBDC90C181F7AC6CA /* MakoActivityAttributes.swift */; };
		E54DE5FC145F13CE07135DFF /* MakoStore.swift in Sources */ = {isa = PBXBuildFile; fileRef = F83028A8FF7E754F3F8DF763 /* MakoStore.swift */; };
		E79A08475732D68F339EB28E /* TransitModels.swift in Sources */ = {isa = PBXBuildFile; fileRef = DF3D6A2B3DF76CEC1CDA4022 /* TransitModels.swift */; };
		ED11C0219D8222BDB84020CE /* Constants.swift in Sources */ = {isa = PBXBuildFile; fileRef = 36AAF06A93BCDCBFC80F57A8 /* Constants.swift */; };
		F51409339100F02BB0E22E6A /* MakoStore.swift in Sources */ = {isa = PBXBuildFile; fileRef = F83028A8FF7E754F3F8DF763 /* MakoStore.swift */; };
		F71D29C48FE2D1D4473B8425 /* MakoActivityAttributes.swift in Sources */ = {isa = PBXBuildFile; fileRef = 01908C6DBDC90C181F7AC6CA /* MakoActivityAttributes.swift */; };
		FD9DD37373F895447191DA02 /* SwiftProtobuf in Frameworks */ = {isa = PBXBuildFile; productRef = 82E90BE5FDBB7C6EC1DB0D66 /* SwiftProtobuf */; };
/* End PBXBuildFile section */

/* Begin PBXContainerItemProxy section */
		503D4978C559A77C144C2396 /* PBXContainerItemProxy */ = {
			isa = PBXContainerItemProxy;
			containerPortal = 0391331503D8C628ED01477B /* Project object */;
			proxyType = 1;
			remoteGlobalIDString = F2927ECA866C7DFFD0111E2F;
			remoteInfo = MakoWidgets;
		};
/* End PBXContainerItemProxy section */

/* Begin PBXCopyFilesBuildPhase section */
		ECE41136A0FCD8F65B5E89E3 /* Embed Foundation Extensions */ = {
			isa = PBXCopyFilesBuildPhase;
			buildActionMask = 2147483647;
			dstPath = "";
			dstSubfolderSpec = 13;
			files = (
				68D1E9D598A4EAEA2CAB5560 /* MakoWidgets.appex in Embed Foundation Extensions */,
			);
			name = "Embed Foundation Extensions";
			runOnlyForDeploymentPostprocessing = 0;
		};
/* End PBXCopyFilesBuildPhase section */

/* Begin PBXFileReference section */
		01908C6DBDC90C181F7AC6CA /* MakoActivityAttributes.swift */ = {isa = PBXFileReference; lastKnownFileType = sourcecode.swift; path = MakoActivityAttributes.swift; sourceTree = "<group>"; };
		176762DDF2DAB962A2A7BC27 /* ContentView.swift */ = {isa = PBXFileReference; lastKnownFileType = sourcecode.swift; path = ContentView.swift; sourceTree = "<group>"; };
		219D3AB4188E246D66F61846 /* Mako iOS.app */ = {isa = PBXFileReference; includeInIndex = 0; lastKnownFileType = wrapper.application; path = "Mako iOS.app"; sourceTree = BUILT_PRODUCTS_DIR; };
		2268416F18AD0824603CC26A /* FGCStaticService.swift */ = {isa = PBXFileReference; lastKnownFileType = sourcecode.swift; path = FGCStaticService.swift; sourceTree = "<group>"; };
		35E2C65F4DFE4C61818BB910 /* FGCRealtimeService.swift */ = {isa = PBXFileReference; lastKnownFileType = sourcecode.swift; path = FGCRealtimeService.swift; sourceTree = "<group>"; };
		36AAF06A93BCDCBFC80F57A8 /* Constants.swift */ = {isa = PBXFileReference; lastKnownFileType = sourcecode.swift; path = Constants.swift; sourceTree = "<group>"; };
		6DD6518104687B3357731A4C /* MakoLiveActivity.swift */ = {isa = PBXFileReference; lastKnownFileType = sourcecode.swift; path = MakoLiveActivity.swift; sourceTree = "<group>"; };
		6F818535CA4A0F47CBF4BAAC /* SharedContainer.swift */ = {isa = PBXFileReference; lastKnownFileType = sourcecode.swift; path = SharedContainer.swift; sourceTree = "<group>"; };
		71CF253A1C18D60F29EE320A /* gtfs-realtime.pb.swift */ = {isa = PBXFileReference; lastKnownFileType = sourcecode.swift; path = "gtfs-realtime.pb.swift"; sourceTree = "<group>"; };
		8247A900571F1459CE4E7445 /* GTFSCSVParser.swift */ = {isa = PBXFileReference; lastKnownFileType = sourcecode.swift; path = GTFSCSVParser.swift; sourceTree = "<group>"; };
		917F89A9054E15D29ED0450C /* MakoiOSApp.swift */ = {isa = PBXFileReference; lastKnownFileType = sourcecode.swift; path = MakoiOSApp.swift; sourceTree = "<group>"; };
		A651325604ADE9D97A1A76C0 /* Mako macOS.app */ = {isa = PBXFileReference; explicitFileType = wrapper.application; includeInIndex = 0; path = "Mako macOS.app"; sourceTree = BUILT_PRODUCTS_DIR; };
		A9FB4B4291E0819A61392517 /* MakoWidgets.appex */ = {isa = PBXFileReference; includeInIndex = 0; lastKnownFileType = "wrapper.app-extension"; path = MakoWidgets.appex; sourceTree = BUILT_PRODUCTS_DIR; };
		AA06F4A076F658330EF05902 /* MakoWidgetsBundle.swift */ = {isa = PBXFileReference; lastKnownFileType = sourcecode.swift; path = MakoWidgetsBundle.swift; sourceTree = "<group>"; };
		B1BAA95661A1DBA9FFFFDF23 /* MakoMacApp.swift */ = {isa = PBXFileReference; lastKnownFileType = sourcecode.swift; path = MakoMacApp.swift; sourceTree = "<group>"; };
		C003CED32F99747E111DD59C /* SharedSettingsView.swift */ = {isa = PBXFileReference; lastKnownFileType = sourcecode.swift; path = SharedSettingsView.swift; sourceTree = "<group>"; };
		C1DF11C3AF25C42E5139C208 /* CalendarService.swift */ = {isa = PBXFileReference; lastKnownFileType = sourcecode.swift; path = CalendarService.swift; sourceTree = "<group>"; };
		C8915B776CC0738FE62EAE50 /* NotificationScheduler.swift */ = {isa = PBXFileReference; lastKnownFileType = sourcecode.swift; path = NotificationScheduler.swift; sourceTree = "<group>"; };
		D9E0AA5F3D017BBF0969E9C3 /* ServiceProtocols.swift */ = {isa = PBXFileReference; lastKnownFileType = sourcecode.swift; path = ServiceProtocols.swift; sourceTree = "<group>"; };
		DF3D6A2B3DF76CEC1CDA4022 /* TransitModels.swift */ = {isa = PBXFileReference; lastKnownFileType = sourcecode.swift; path = TransitModels.swift; sourceTree = "<group>"; };
		E522953531D3449824BCCF5B /* MenuBarView.swift */ = {isa = PBXFileReference; lastKnownFileType = sourcecode.swift; path = MenuBarView.swift; sourceTree = "<group>"; };
		E812D1903C4F7ABA38293E96 /* CommuteEngine.swift */ = {isa = PBXFileReference; lastKnownFileType = sourcecode.swift; path = CommuteEngine.swift; sourceTree = "<group>"; };
		F83028A8FF7E754F3F8DF763 /* MakoStore.swift */ = {isa = PBXFileReference; lastKnownFileType = sourcecode.swift; path = MakoStore.swift; sourceTree = "<group>"; };
/* End PBXFileReference section */

/* Begin PBXFrameworksBuildPhase section */
		4E60D2D63C8F9F2266779D33 /* Frameworks */ = {
			isa = PBXFrameworksBuildPhase;
			buildActionMask = 2147483647;
			files = (
				FD9DD37373F895447191DA02 /* SwiftProtobuf in Frameworks */,
				21E98B53303062E03170263E /* ZIPFoundation in Frameworks */,
			);
			runOnlyForDeploymentPostprocessing = 0;
		};
		D0FCC0B56FEC55AEC6801CA5 /* Frameworks */ = {
			isa = PBXFrameworksBuildPhase;
			buildActionMask = 2147483647;
			files = (
				35FD2352E28FC3B640138FE7 /* SwiftProtobuf in Frameworks */,
				8696DB6B63687664796E7DE3 /* ZIPFoundation in Frameworks */,
			);
			runOnlyForDeploymentPostprocessing = 0;
		};
		F3F0F1593532ED6F29096E36 /* Frameworks */ = {
			isa = PBXFrameworksBuildPhase;
			buildActionMask = 2147483647;
			files = (
				33D6319013DB866AA90C3233 /* SwiftProtobuf in Frameworks */,
				0CD86467ECE314CD9EC80113 /* ZIPFoundation in Frameworks */,
			);
			runOnlyForDeploymentPostprocessing = 0;
		};
/* End PBXFrameworksBuildPhase section */

/* Begin PBXGroup section */
		013C7C0448981C7566892E4D /* Services */ = {
			isa = PBXGroup;
			children = (
				C1DF11C3AF25C42E5139C208 /* CalendarService.swift */,
				35E2C65F4DFE4C61818BB910 /* FGCRealtimeService.swift */,
				2268416F18AD0824603CC26A /* FGCStaticService.swift */,
				8247A900571F1459CE4E7445 /* GTFSCSVParser.swift */,
				D9E0AA5F3D017BBF0969E9C3 /* ServiceProtocols.swift */,
			);
			path = Services;
			sourceTree = "<group>";
		};
		0AC91FC10D787ABDF31BC4B3 /* Products */ = {
			isa = PBXGroup;
			children = (
				219D3AB4188E246D66F61846 /* Mako iOS.app */,
				A651325604ADE9D97A1A76C0 /* Mako macOS.app */,
				A9FB4B4291E0819A61392517 /* MakoWidgets.appex */,
			);
			name = Products;
			sourceTree = "<group>";
		};
		52D4F3A09DF2B1D64DF971CF /* macOS */ = {
			isa = PBXGroup;
			children = (
				B1BAA95661A1DBA9FFFFDF23 /* MakoMacApp.swift */,
				E522953531D3449824BCCF5B /* MenuBarView.swift */,
			);
			path = macOS;
			sourceTree = "<group>";
		};
		6784C8A7778F47122FDCA0BA = {
			isa = PBXGroup;
			children = (
				FB4C211AD4A11EC2C0577610 /* iOS */,
				52D4F3A09DF2B1D64DF971CF /* macOS */,
				C7A3653FAE3041BF1A669EA7 /* Shared */,
				C61F236B95E95F94574CE139 /* Widgets */,
				0AC91FC10D787ABDF31BC4B3 /* Products */,
			);
			sourceTree = "<group>";
		};
		81EB43A2F92EB0E4E73200E6 /* Engine */ = {
			isa = PBXGroup;
			children = (
				E812D1903C4F7ABA38293E96 /* CommuteEngine.swift */,
				F83028A8FF7E754F3F8DF763 /* MakoStore.swift */,
				6F818535CA4A0F47CBF4BAAC /* SharedContainer.swift */,
			);
			path = Engine;
			sourceTree = "<group>";
		};
		B4C910BA5BA8E62A3400641C /* Generated */ = {
			isa = PBXGroup;
			children = (
				FB733F83D91668771C23624B /* Proto */,
			);
			path = Generated;
			sourceTree = "<group>";
		};
		B8D2C4FF814EE3E0B7BAF906 /* Views */ = {
			isa = PBXGroup;
			children = (
				C003CED32F99747E111DD59C /* SharedSettingsView.swift */,
			);
			path = Views;
			sourceTree = "<group>";
		};
		C61F236B95E95F94574CE139 /* Widgets */ = {
			isa = PBXGroup;
			children = (
				6DD6518104687B3357731A4C /* MakoLiveActivity.swift */,
				AA06F4A076F658330EF05902 /* MakoWidgetsBundle.swift */,
			);
			path = Widgets;
			sourceTree = "<group>";
		};
		C7A3653FAE3041BF1A669EA7 /* Shared */ = {
			isa = PBXGroup;
			children = (
				81EB43A2F92EB0E4E73200E6 /* Engine */,
				B4C910BA5BA8E62A3400641C /* Generated */,
				D70EB1281F6659EF8E310607 /* Models */,
				013C7C0448981C7566892E4D /* Services */,
				B8D2C4FF814EE3E0B7BAF906 /* Views */,
			);
			path = Shared;
			sourceTree = "<group>";
		};
		D70EB1281F6659EF8E310607 /* Models */ = {
			isa = PBXGroup;
			children = (
				36AAF06A93BCDCBFC80F57A8 /* Constants.swift */,
				01908C6DBDC90C181F7AC6CA /* MakoActivityAttributes.swift */,
				DF3D6A2B3DF76CEC1CDA4022 /* TransitModels.swift */,
			);
			path = Models;
			sourceTree = "<group>";
		};
		FB4C211AD4A11EC2C0577610 /* iOS */ = {
			isa = PBXGroup;
			children = (
				176762DDF2DAB962A2A7BC27 /* ContentView.swift */,
				917F89A9054E15D29ED0450C /* MakoiOSApp.swift */,
				C8915B776CC0738FE62EAE50 /* NotificationScheduler.swift */,
			);
			path = iOS;
			sourceTree = "<group>";
		};
		FB733F83D91668771C23624B /* Proto */ = {
			isa = PBXGroup;
			children = (
				71CF253A1C18D60F29EE320A /* gtfs-realtime.pb.swift */,
			);
			path = Proto;
			sourceTree = "<group>";
		};
/* End PBXGroup section */

/* Begin PBXNativeTarget section */
		242E797AAA61C7547BD280FB /* Mako iOS */ = {
			isa = PBXNativeTarget;
			buildConfigurationList = 8A8BB7E4B1AD74F938879E95 /* Build configuration list for PBXNativeTarget "Mako iOS" */;
			buildPhases = (
				C281CEA379CFCC0122BF5A58 /* Sources */,
				F3F0F1593532ED6F29096E36 /* Frameworks */,
				ECE41136A0FCD8F65B5E89E3 /* Embed Foundation Extensions */,
			);
			buildRules = (
			);
			dependencies = (
				B19B87C916E3C59F662B6EEC /* PBXTargetDependency */,
			);
			name = "Mako iOS";
			packageProductDependencies = (
				D4F2EF7421B8EE499D738B0A /* SwiftProtobuf */,
				28513D3952C73A9561F9B69A /* ZIPFoundation */,
			);
			productName = "Mako iOS";
			productReference = 219D3AB4188E246D66F61846 /* Mako iOS.app */;
			productType = "com.apple.product-type.application";
		};
		E38A4A58E1D1431E97CD5F54 /* Mako macOS */ = {
			isa = PBXNativeTarget;
			buildConfigurationList = 253B8E2AAFDA5466942C8B0A /* Build configuration list for PBXNativeTarget "Mako macOS" */;
			buildPhases = (
				6731904933E64F3F60F6C0E3 /* Sources */,
				D0FCC0B56FEC55AEC6801CA5 /* Frameworks */,
			);
			buildRules = (
			);
			dependencies = (
			);
			name = "Mako macOS";
			packageProductDependencies = (
				E80FA75490B283D97ECD68F2 /* SwiftProtobuf */,
				8A2667697955DE568E350A23 /* ZIPFoundation */,
			);
			productName = "Mako macOS";
			productReference = A651325604ADE9D97A1A76C0 /* Mako macOS.app */;
			productType = "com.apple.product-type.application";
		};
		F2927ECA866C7DFFD0111E2F /* MakoWidgets */ = {
			isa = PBXNativeTarget;
			buildConfigurationList = 79087010ACF3A0D0407A04A8 /* Build configuration list for PBXNativeTarget "MakoWidgets" */;
			buildPhases = (
				718040D14648BE1D623B2D18 /* Sources */,
				4E60D2D63C8F9F2266779D33 /* Frameworks */,
			);
			buildRules = (
			);
			dependencies = (
			);
			name = MakoWidgets;
			packageProductDependencies = (
				82E90BE5FDBB7C6EC1DB0D66 /* SwiftProtobuf */,
				27A8039787617D08305B2D96 /* ZIPFoundation */,
			);
			productName = MakoWidgets;
			productReference = A9FB4B4291E0819A61392517 /* MakoWidgets.appex */;
			productType = "com.apple.product-type.app-extension";
		};
/* End PBXNativeTarget section */

/* Begin PBXProject section */
		0391331503D8C628ED01477B /* Project object */ = {
			isa = PBXProject;
			attributes = {
				BuildIndependentTargetsInParallel = YES;
				LastUpgradeCheck = 1430;
				TargetAttributes = {
				};
			};
			buildConfigurationList = EFAE14911A9F376538F2FC85 /* Build configuration list for PBXProject "Mako" */;
			developmentRegion = en;
			hasScannedForEncodings = 0;
			knownRegions = (
				Base,
				en,
			);
			mainGroup = 6784C8A7778F47122FDCA0BA;
			minimizedProjectReferenceProxies = 1;
			packageReferences = (
				81D474E03E5A1CC92FA12FEE /* XCRemoteSwiftPackageReference "swift-protobuf" */,
				06E6D1FDCAAD0473DD7D18F2 /* XCRemoteSwiftPackageReference "ZIPFoundation" */,
			);
			preferredProjectObjectVersion = 77;
			productRefGroup = 0AC91FC10D787ABDF31BC4B3 /* Products */;
			projectDirPath = "";
			projectRoot = "";
			targets = (
				242E797AAA61C7547BD280FB /* Mako iOS */,
				E38A4A58E1D1431E97CD5F54 /* Mako macOS */,
				F2927ECA866C7DFFD0111E2F /* MakoWidgets */,
			);
		};
/* End PBXProject section */

/* Begin PBXSourcesBuildPhase section */
		6731904933E64F3F60F6C0E3 /* Sources */ = {
			isa = PBXSourcesBuildPhase;
			buildActionMask = 2147483647;
			files = (
				635A9FA1F385DE069F5445A3 /* CalendarService.swift in Sources */,
				D0509834ADF8C28BC757B95D /* CommuteEngine.swift in Sources */,
				C9FF0D92F67D4928600C0FB7 /* Constants.swift in Sources */,
				D2274E0E4DE6BA7CB12EAAB0 /* FGCRealtimeService.swift in Sources */,
				AD1A1B24E113A964192F4BEC /* FGCStaticService.swift in Sources */,
				A119CEABBCB9B8D527162837 /* GTFSCSVParser.swift in Sources */,
				F71D29C48FE2D1D4473B8425 /* MakoActivityAttributes.swift in Sources */,
				782A44CCD701D458C99DD69A /* MakoMacApp.swift in Sources */,
				E54DE5FC145F13CE07135DFF /* MakoStore.swift in Sources */,
				C70DE6D403FE2648E774129B /* MenuBarView.swift in Sources */,
				07689BF0FD440DEB5234828C /* ServiceProtocols.swift in Sources */,
				C0A7A655D7C262886FBE6540 /* SharedContainer.swift in Sources */,
				770EF53C094214730FDEE9E2 /* SharedSettingsView.swift in Sources */,
				D660D3CDB7AB708DCC92CC33 /* TransitModels.swift in Sources */,
				3BD5828A6C3123CCE639203F /* gtfs-realtime.pb.swift in Sources */,
			);
			runOnlyForDeploymentPostprocessing = 0;
		};
		718040D14648BE1D623B2D18 /* Sources */ = {
			isa = PBXSourcesBuildPhase;
			buildActionMask = 2147483647;
			files = (
				4F275B3472B14D7FAFDA69CC /* CalendarService.swift in Sources */,
				26CB5C838DE9AA34342EBE8D /* CommuteEngine.swift in Sources */,
				12D323D8B071E749F1E93CCA /* Constants.swift in Sources */,
				71682BD2C17FCB3B7BCF4B9B /* FGCRealtimeService.swift in Sources */,
				B4A63898219E4414EF95D968 /* FGCStaticService.swift in Sources */,
				36D74F5CCE986773F3784D5D /* GTFSCSVParser.swift in Sources */,
				DA412654B9B31C6692CCFED3 /* MakoActivityAttributes.swift in Sources */,
				599C39559C717A168F978C73 /* MakoLiveActivity.swift in Sources */,
				7DB297542756B3995E36E9B8 /* MakoStore.swift in Sources */,
				7CAA73E4DC6DCF9D179329D7 /* MakoWidgetsBundle.swift in Sources */,
				2E1956A189C093AD59B3CD89 /* ServiceProtocols.swift in Sources */,
				D87B641BE2B695F1991FA3D5 /* SharedContainer.swift in Sources */,
				A8F44DA48C2B0C4305FA77E6 /* SharedSettingsView.swift in Sources */,
				E79A08475732D68F339EB28E /* TransitModels.swift in Sources */,
				C01631A0A81C8BBFE9D2BBDD /* gtfs-realtime.pb.swift in Sources */,
			);
			runOnlyForDeploymentPostprocessing = 0;
		};
		C281CEA379CFCC0122BF5A58 /* Sources */ = {
			isa = PBXSourcesBuildPhase;
			buildActionMask = 2147483647;
			files = (
				08F282B1942482E07B269241 /* CalendarService.swift in Sources */,
				BEEEA85155115D1A6A4E479B /* CommuteEngine.swift in Sources */,
				ED11C0219D8222BDB84020CE /* Constants.swift in Sources */,
				5898EF408143E7AFAB4977F1 /* ContentView.swift in Sources */,
				0201377840ABAB6CBFFC1B2E /* FGCRealtimeService.swift in Sources */,
				3CBCD91A1DDC7F82D7D6A55D /* FGCStaticService.swift in Sources */,
				0D963B2D347C4967BCCAABD7 /* GTFSCSVParser.swift in Sources */,
				AF14C7211326CF3BD2650546 /* MakoActivityAttributes.swift in Sources */,
				F51409339100F02BB0E22E6A /* MakoStore.swift in Sources */,
				97C731566E2D97DA69279E74 /* MakoiOSApp.swift in Sources */,
				C545C66331B51ACA887DE1A2 /* NotificationScheduler.swift in Sources */,
				2C08A152E16A761B36FBF2ED /* ServiceProtocols.swift in Sources */,
				25A749D2BC36F81BC275A05A /* SharedContainer.swift in Sources */,
				58E00F9A5919CD6E8B8061EC /* SharedSettingsView.swift in Sources */,
				A6FAD73B8455B6F5C6F7617B /* TransitModels.swift in Sources */,
				C733D3181C6175F4F3EF3BFC /* gtfs-realtime.pb.swift in Sources */,
			);
			runOnlyForDeploymentPostprocessing = 0;
		};
/* End PBXSourcesBuildPhase section */

/* Begin PBXTargetDependency section */
		B19B87C916E3C59F662B6EEC /* PBXTargetDependency */ = {
			isa = PBXTargetDependency;
			target = F2927ECA866C7DFFD0111E2F /* MakoWidgets */;
			targetProxy = 503D4978C559A77C144C2396 /* PBXContainerItemProxy */;
		};
/* End PBXTargetDependency section */

/* Begin XCBuildConfiguration section */
		2D7F7634D006E465AD922FE4 /* Debug */ = {
			isa = XCBuildConfiguration;
			buildSettings = {
				GENERATE_INFOPLIST_FILE = YES;
				INFOPLIST_KEY_NSExtensionPointIdentifier = "com.apple.widgetkit-extension";
				IPHONEOS_DEPLOYMENT_TARGET = 26.0;
				LD_RUNPATH_SEARCH_PATHS = (
					"$(inherited)",
					"@executable_path/Frameworks",
					"@executable_path/../../Frameworks",
				);
				PRODUCT_BUNDLE_IDENTIFIER = app.mako.widgets;
				PRODUCT_MODULE_NAME = MakoWidgets;
				PRODUCT_NAME = MakoWidgets;
				SDKROOT = iphoneos;
				TARGETED_DEVICE_FAMILY = "1,2";
			};
			name = Debug;
		};
		3C27AEFF77626CF420EE811E /* Debug */ = {
			isa = XCBuildConfiguration;
			buildSettings = {
				ASSETCATALOG_COMPILER_APPICON_NAME = AppIcon;
				CODE_SIGN_IDENTITY = "iPhone Developer";
				GENERATE_INFOPLIST_FILE = YES;
				INFOPLIST_KEY_BGTaskSchedulerPermittedIdentifiers = app.mako.refresh;
				INFOPLIST_KEY_NSCalendarsUsageDescription = "Mako uses your calendar to suggest when to leave for upcoming commutes.";
				INFOPLIST_KEY_NSUserNotificationsUsageDescription = "Mako sends leave-now reminders for upcoming trips.";
				INFOPLIST_KEY_UIApplicationSceneManifest_Generation = YES;
				INFOPLIST_KEY_UISupportedInterfaceOrientations_iPhone = UIInterfaceOrientationPortrait;
				IPHONEOS_DEPLOYMENT_TARGET = 26.0;
				LD_RUNPATH_SEARCH_PATHS = (
					"$(inherited)",
					"@executable_path/Frameworks",
				);
				PRODUCT_BUNDLE_IDENTIFIER = app.mako.ios;
				SDKROOT = iphoneos;
				TARGETED_DEVICE_FAMILY = "1,2";
			};
			name = Debug;
		};
		4655527906CB51083A4389A2 /* Debug */ = {
			isa = XCBuildConfiguration;
			buildSettings = {
				ASSETCATALOG_COMPILER_APPICON_NAME = AppIcon;
				COMBINE_HIDPI_IMAGES = YES;
				GENERATE_INFOPLIST_FILE = YES;
				INFOPLIST_KEY_LSUIElement = YES;
				INFOPLIST_KEY_NSCalendarsUsageDescription = "Mako uses your calendar to suggest when to leave for upcoming commutes.";
				LD_RUNPATH_SEARCH_PATHS = (
					"$(inherited)",
					"@executable_path/../Frameworks",
				);
				MACOSX_DEPLOYMENT_TARGET = 26.0;
				PRODUCT_BUNDLE_IDENTIFIER = app.mako.macos;
				SDKROOT = macosx;
			};
			name = Debug;
		};
		612DE0066C2AD10EDBE480D2 /* Debug */ = {
			isa = XCBuildConfiguration;
			buildSettings = {
				ALWAYS_SEARCH_USER_PATHS = NO;
				CLANG_ANALYZER_NONNULL = YES;
				CLANG_ANALYZER_NUMBER_OBJECT_CONVERSION = YES_AGGRESSIVE;
				CLANG_CXX_LANGUAGE_STANDARD = "gnu++14";
				CLANG_CXX_LIBRARY = "libc++";
				CLANG_ENABLE_MODULES = YES;
				CLANG_ENABLE_OBJC_ARC = YES;
				CLANG_ENABLE_OBJC_WEAK = YES;
				CLANG_WARN_BLOCK_CAPTURE_AUTORELEASING = YES;
				CLANG_WARN_BOOL_CONVERSION = YES;
				CLANG_WARN_COMMA = YES;
				CLANG_WARN_CONSTANT_CONVERSION = YES;
				CLANG_WARN_DEPRECATED_OBJC_IMPLEMENTATIONS = YES;
				CLANG_WARN_DIRECT_OBJC_ISA_USAGE = YES_ERROR;
				CLANG_WARN_DOCUMENTATION_COMMENTS = YES;
				CLANG_WARN_EMPTY_BODY = YES;
				CLANG_WARN_ENUM_CONVERSION = YES;
				CLANG_WARN_INFINITE_RECURSION = YES;
				CLANG_WARN_INT_CONVERSION = YES;
				CLANG_WARN_NON_LITERAL_NULL_CONVERSION = YES;
				CLANG_WARN_OBJC_IMPLICIT_RETAIN_SELF = YES;
				CLANG_WARN_OBJC_LITERAL_CONVERSION = YES;
				CLANG_WARN_OBJC_ROOT_CLASS = YES_ERROR;
				CLANG_WARN_QUOTED_INCLUDE_IN_FRAMEWORK_HEADER = YES;
				CLANG_WARN_RANGE_LOOP_ANALYSIS = YES;
				CLANG_WARN_STRICT_PROTOTYPES = YES;
				CLANG_WARN_SUSPICIOUS_MOVE = YES;
				CLANG_WARN_UNGUARDED_AVAILABILITY = YES_AGGRESSIVE;
				CLANG_WARN_UNREACHABLE_CODE = YES;
				CLANG_WARN__DUPLICATE_METHOD_MATCH = YES;
				COPY_PHASE_STRIP = NO;
				CURRENT_PROJECT_VERSION = 1;
				DEBUG_INFORMATION_FORMAT = dwarf;
				ENABLE_STRICT_OBJC_MSGSEND = YES;
				ENABLE_TESTABILITY = YES;
				GCC_C_LANGUAGE_STANDARD = gnu11;
				GCC_DYNAMIC_NO_PIC = NO;
				GCC_NO_COMMON_BLOCKS = YES;
				GCC_OPTIMIZATION_LEVEL = 0;
				GCC_PREPROCESSOR_DEFINITIONS = (
					"$(inherited)",
					"DEBUG=1",
				);
				GCC_WARN_64_TO_32_BIT_CONVERSION = YES;
				GCC_WARN_ABOUT_RETURN_TYPE = YES_ERROR;
				GCC_WARN_UNDECLARED_SELECTOR = YES;
				GCC_WARN_UNINITIALIZED_AUTOS = YES_AGGRESSIVE;
				GCC_WARN_UNUSED_FUNCTION = YES;
				GCC_WARN_UNUSED_VARIABLE = YES;
				IPHONEOS_DEPLOYMENT_TARGET = 26.0;
				MACOSX_DEPLOYMENT_TARGET = 26.0;
				MARKETING_VERSION = 1.0;
				MTL_ENABLE_DEBUG_INFO = INCLUDE_SOURCE;
				MTL_FAST_MATH = YES;
				ONLY_ACTIVE_ARCH = YES;
				PRODUCT_NAME = Mako;
				SWIFT_ACTIVE_COMPILATION_CONDITIONS = DEBUG;
				SWIFT_OPTIMIZATION_LEVEL = "-Onone";
				SWIFT_VERSION = 6.0;
			};
			name = Debug;
		};
		AD9688E684A936FB4F456671 /* Release */ = {
			isa = XCBuildConfiguration;
			buildSettings = {
				ASSETCATALOG_COMPILER_APPICON_NAME = AppIcon;
				COMBINE_HIDPI_IMAGES = YES;
				GENERATE_INFOPLIST_FILE = YES;
				INFOPLIST_KEY_LSUIElement = YES;
				INFOPLIST_KEY_NSCalendarsUsageDescription = "Mako uses your calendar to suggest when to leave for upcoming commutes.";
				LD_RUNPATH_SEARCH_PATHS = (
					"$(inherited)",
					"@executable_path/../Frameworks",
				);
				MACOSX_DEPLOYMENT_TARGET = 26.0;
				PRODUCT_BUNDLE_IDENTIFIER = app.mako.macos;
				SDKROOT = macosx;
			};
			name = Release;
		};
		BB2AE15338942A7F0E064CBB /* Release */ = {
			isa = XCBuildConfiguration;
			buildSettings = {
				GENERATE_INFOPLIST_FILE = YES;
				INFOPLIST_KEY_NSExtensionPointIdentifier = "com.apple.widgetkit-extension";
				IPHONEOS_DEPLOYMENT_TARGET = 26.0;
				LD_RUNPATH_SEARCH_PATHS = (
					"$(inherited)",
					"@executable_path/Frameworks",
					"@executable_path/../../Frameworks",
				);
				PRODUCT_BUNDLE_IDENTIFIER = app.mako.widgets;
				PRODUCT_MODULE_NAME = MakoWidgets;
				PRODUCT_NAME = MakoWidgets;
				SDKROOT = iphoneos;
				TARGETED_DEVICE_FAMILY = "1,2";
			};
			name = Release;
		};
		CBDC55898EB4EF80A8EEA316 /* Release */ = {
			isa = XCBuildConfiguration;
			buildSettings = {
				ASSETCATALOG_COMPILER_APPICON_NAME = AppIcon;
				CODE_SIGN_IDENTITY = "iPhone Developer";
				GENERATE_INFOPLIST_FILE = YES;
				INFOPLIST_KEY_BGTaskSchedulerPermittedIdentifiers = app.mako.refresh;
				INFOPLIST_KEY_NSCalendarsUsageDescription = "Mako uses your calendar to suggest when to leave for upcoming commutes.";
				INFOPLIST_KEY_NSUserNotificationsUsageDescription = "Mako sends leave-now reminders for upcoming trips.";
				INFOPLIST_KEY_UIApplicationSceneManifest_Generation = YES;
				INFOPLIST_KEY_UISupportedInterfaceOrientations_iPhone = UIInterfaceOrientationPortrait;
				IPHONEOS_DEPLOYMENT_TARGET = 26.0;
				LD_RUNPATH_SEARCH_PATHS = (
					"$(inherited)",
					"@executable_path/Frameworks",
				);
				PRODUCT_BUNDLE_IDENTIFIER = app.mako.ios;
				SDKROOT = iphoneos;
				TARGETED_DEVICE_FAMILY = "1,2";
			};
			name = Release;
		};
		E81316DA48B60BD7655EB517 /* Release */ = {
			isa = XCBuildConfiguration;
			buildSettings = {
				ALWAYS_SEARCH_USER_PATHS = NO;
				CLANG_ANALYZER_NONNULL = YES;
				CLANG_ANALYZER_NUMBER_OBJECT_CONVERSION = YES_AGGRESSIVE;
				CLANG_CXX_LANGUAGE_STANDARD = "gnu++14";
				CLANG_CXX_LIBRARY = "libc++";
				CLANG_ENABLE_MODULES = YES;
				CLANG_ENABLE_OBJC_ARC = YES;
				CLANG_ENABLE_OBJC_WEAK = YES;
				CLANG_WARN_BLOCK_CAPTURE_AUTORELEASING = YES;
				CLANG_WARN_BOOL_CONVERSION = YES;
				CLANG_WARN_COMMA = YES;
				CLANG_WARN_CONSTANT_CONVERSION = YES;
				CLANG_WARN_DEPRECATED_OBJC_IMPLEMENTATIONS = YES;
				CLANG_WARN_DIRECT_OBJC_ISA_USAGE = YES_ERROR;
				CLANG_WARN_DOCUMENTATION_COMMENTS = YES;
				CLANG_WARN_EMPTY_BODY = YES;
				CLANG_WARN_ENUM_CONVERSION = YES;
				CLANG_WARN_INFINITE_RECURSION = YES;
				CLANG_WARN_INT_CONVERSION = YES;
				CLANG_WARN_NON_LITERAL_NULL_CONVERSION = YES;
				CLANG_WARN_OBJC_IMPLICIT_RETAIN_SELF = YES;
				CLANG_WARN_OBJC_LITERAL_CONVERSION = YES;
				CLANG_WARN_OBJC_ROOT_CLASS = YES_ERROR;
				CLANG_WARN_QUOTED_INCLUDE_IN_FRAMEWORK_HEADER = YES;
				CLANG_WARN_RANGE_LOOP_ANALYSIS = YES;
				CLANG_WARN_STRICT_PROTOTYPES = YES;
				CLANG_WARN_SUSPICIOUS_MOVE = YES;
				CLANG_WARN_UNGUARDED_AVAILABILITY = YES_AGGRESSIVE;
				CLANG_WARN_UNREACHABLE_CODE = YES;
				CLANG_WARN__DUPLICATE_METHOD_MATCH = YES;
				COPY_PHASE_STRIP = NO;
				CURRENT_PROJECT_VERSION = 1;
				DEBUG_INFORMATION_FORMAT = "dwarf-with-dsym";
				ENABLE_NS_ASSERTIONS = NO;
				ENABLE_STRICT_OBJC_MSGSEND = YES;
				GCC_C_LANGUAGE_STANDARD = gnu11;
				GCC_NO_COMMON_BLOCKS = YES;
				GCC_WARN_64_TO_32_BIT_CONVERSION = YES;
				GCC_WARN_ABOUT_RETURN_TYPE = YES_ERROR;
				GCC_WARN_UNDECLARED_SELECTOR = YES;
				GCC_WARN_UNINITIALIZED_AUTOS = YES_AGGRESSIVE;
				GCC_WARN_UNUSED_FUNCTION = YES;
				GCC_WARN_UNUSED_VARIABLE = YES;
				IPHONEOS_DEPLOYMENT_TARGET = 26.0;
				MACOSX_DEPLOYMENT_TARGET = 26.0;
				MARKETING_VERSION = 1.0;
				MTL_ENABLE_DEBUG_INFO = NO;
				MTL_FAST_MATH = YES;
				PRODUCT_NAME = Mako;
				SWIFT_COMPILATION_MODE = wholemodule;
				SWIFT_OPTIMIZATION_LEVEL = "-O";
				SWIFT_VERSION = 6.0;
			};
			name = Release;
		};
/* End XCBuildConfiguration section */

/* Begin XCConfigurationList section */
		253B8E2AAFDA5466942C8B0A /* Build configuration list for PBXNativeTarget "Mako macOS" */ = {
			isa = XCConfigurationList;
			buildConfigurations = (
				4655527906CB51083A4389A2 /* Debug */,
				AD9688E684A936FB4F456671 /* Release */,
			);
			defaultConfigurationIsVisible = 0;
			defaultConfigurationName = Debug;
		};
		79087010ACF3A0D0407A04A8 /* Build configuration list for PBXNativeTarget "MakoWidgets" */ = {
			isa = XCConfigurationList;
			buildConfigurations = (
				2D7F7634D006E465AD922FE4 /* Debug */,
				BB2AE15338942A7F0E064CBB /* Release */,
			);
			defaultConfigurationIsVisible = 0;
			defaultConfigurationName = Debug;
		};
		8A8BB7E4B1AD74F938879E95 /* Build configuration list for PBXNativeTarget "Mako iOS" */ = {
			isa = XCConfigurationList;
			buildConfigurations = (
				3C27AEFF77626CF420EE811E /* Debug */,
				CBDC55898EB4EF80A8EEA316 /* Release */,
			);
			defaultConfigurationIsVisible = 0;
			defaultConfigurationName = Debug;
		};
		EFAE14911A9F376538F2FC85 /* Build configuration list for PBXProject "Mako" */ = {
			isa = XCConfigurationList;
			buildConfigurations = (
				612DE0066C2AD10EDBE480D2 /* Debug */,
				E81316DA48B60BD7655EB517 /* Release */,
			);
			defaultConfigurationIsVisible = 0;
			defaultConfigurationName = Debug;
		};
/* End XCConfigurationList section */

/* Begin XCRemoteSwiftPackageReference section */
		06E6D1FDCAAD0473DD7D18F2 /* XCRemoteSwiftPackageReference "ZIPFoundation" */ = {
			isa = XCRemoteSwiftPackageReference;
			repositoryURL = "https://github.com/weichsel/ZIPFoundation.git";
			requirement = {
				kind = upToNextMajorVersion;
				minimumVersion = 0.9.19;
			};
		};
		81D474E03E5A1CC92FA12FEE /* XCRemoteSwiftPackageReference "swift-protobuf" */ = {
			isa = XCRemoteSwiftPackageReference;
			repositoryURL = "https://github.com/apple/swift-protobuf.git";
			requirement = {
				kind = upToNextMajorVersion;
				minimumVersion = 1.36.0;
			};
		};
/* End XCRemoteSwiftPackageReference section */

/* Begin XCSwiftPackageProductDependency section */
		27A8039787617D08305B2D96 /* ZIPFoundation */ = {
			isa = XCSwiftPackageProductDependency;
			package = 06E6D1FDCAAD0473DD7D18F2 /* XCRemoteSwiftPackageReference "ZIPFoundation" */;
			productName = ZIPFoundation;
		};
		28513D3952C73A9561F9B69A /* ZIPFoundation */ = {
			isa = XCSwiftPackageProductDependency;
			package = 06E6D1FDCAAD0473DD7D18F2 /* XCRemoteSwiftPackageReference "ZIPFoundation" */;
			productName = ZIPFoundation;
		};
		82E90BE5FDBB7C6EC1DB0D66 /* SwiftProtobuf */ = {
			isa = XCSwiftPackageProductDependency;
			package = 81D474E03E5A1CC92FA12FEE /* XCRemoteSwiftPackageReference "swift-protobuf" */;
			productName = SwiftProtobuf;
		};
		8A2667697955DE568E350A23 /* ZIPFoundation */ = {
			isa = XCSwiftPackageProductDependency;
			package = 06E6D1FDCAAD0473DD7D18F2 /* XCRemoteSwiftPackageReference "ZIPFoundation" */;
			productName = ZIPFoundation;
		};
		D4F2EF7421B8EE499D738B0A /* SwiftProtobuf */ = {
			isa = XCSwiftPackageProductDependency;
			package = 81D474E03E5A1CC92FA12FEE /* XCRemoteSwiftPackageReference "swift-protobuf" */;
			productName = SwiftProtobuf;
		};
		E80FA75490B283D97ECD68F2 /* SwiftProtobuf */ = {
			isa = XCSwiftPackageProductDependency;
			package = 81D474E03E5A1CC92FA12FEE /* XCRemoteSwiftPackageReference "swift-protobuf" */;
			productName = SwiftProtobuf;
		};
/* End XCSwiftPackageProductDependency section */
	};
	rootObject = 0391331503D8C628ED01477B /* Project object */;
}
