// !$*UTF8*$!
{
	archiveVersion = 1;
	classes = {
	};
	objectVersion = 77;
	objects = {

/* Begin PBXBuildFile section */
		01743C27B00F7D9D46FC522D /* FGCServiceAlertsService.swift in Sources */ = {isa = PBXBuildFile; fileRef = 8F5B41BDABF69E1CC6379929 /* FGCServiceAlertsService.swift */; };
		08B813432A1CE2F8EA021B5E /* FGCServiceAlertsService.swift in Sources */ = {isa = PBXBuildFile; fileRef = 8F5B41BDABF69E1CC6379929 /* FGCServiceAlertsService.swift */; };
		0974690191FE6BA0E491752A /* Constants.swift in Sources */ = {isa = PBXBuildFile; fileRef = 1EFBBA38E50BC24A005019E4 /* Constants.swift */; };
		0EFE186DE74B68C8FA123B66 /* ServiceAlertPresentation.swift in Sources */ = {isa = PBXBuildFile; fileRef = B4D903980085315FF4B4D258 /* ServiceAlertPresentation.swift */; };
		104054F7558DAEF73A31BE9C /* CommutePresentation.swift in Sources */ = {isa = PBXBuildFile; fileRef = 5379482E39EA459D2F5BD0AB /* CommutePresentation.swift */; };
		11E01DE730D49CB2D225F9AF /* CalendarDiagnosticLog.swift in Sources */ = {isa = PBXBuildFile; fileRef = 8BC101315790D3841DD78683 /* CalendarDiagnosticLog.swift */; };
		1368753B7835AE2E382A2AD8 /* PingShortcutsProvider.swift in Sources */ = {isa = PBXBuildFile; fileRef = 5EAEBFE9C2FC73C1E803C56E /* PingShortcutsProvider.swift */; };
		147E741C8A3E4AC0C8DE49B7 /* CountdownFormatting.swift in Sources */ = {isa = PBXBuildFile; fileRef = 93A0C9AEC2A818BFB13C981D /* CountdownFormatting.swift */; };
		195EB8DCCA60F7F542BC5EBE /* TrackingHaptics.swift in Sources */ = {isa = PBXBuildFile; fileRef = C14A908FCE4C00BC53EA483F /* TrackingHaptics.swift */; };
		19CD972E2CC04CA050F1B213 /* PingLiveActivity.swift in Sources */ = {isa = PBXBuildFile; fileRef = F2C9F3AD2BEE5C5DE7E3367E /* PingLiveActivity.swift */; };
		1A2DEDBDEDF7C64547B74F5E /* PingWidgets.appex in Embed Foundation Extensions */ = {isa = PBXBuildFile; fileRef = 0D5D409C2FB4A77056B2A6C0 /* PingWidgets.appex */; settings = {ATTRIBUTES = (RemoveHeadersOnCopy, ); }; };
		1A9A2B216ACD4C5C17BEEA8E /* CalendarDiagnosticLog.swift in Sources */ = {isa = PBXBuildFile; fileRef = 8BC101315790D3841DD78683 /* CalendarDiagnosticLog.swift */; };
		1AB8E31041A73E53E7F10460 /* Constants.swift in Sources */ = {isa = PBXBuildFile; fileRef = 1EFBBA38E50BC24A005019E4 /* Constants.swift */; };
		1BE4C21EEB8DF810A62E1355 /* SharedContainer.swift in Sources */ = {isa = PBXBuildFile; fileRef = 1C75E76DCB3DEEC9B70E3A1E /* SharedContainer.swift */; };
		1D477E9706D39F1A82C5F628 /* PingActivityAttributes.swift in Sources */ = {isa = PBXBuildFile; fileRef = D331C2014B7604CC25374615 /* PingActivityAttributes.swift */; };
		20D8F966A0C611A0FE03DD1F /* FGCRealtimeService.swift in Sources */ = {isa = PBXBuildFile; fileRef = 785FE802F746A55BA44BA96B /* FGCRealtimeService.swift */; };
		2534C877459955F6AF577722 /* GTFSUpdateService.swift in Sources */ = {isa = PBXBuildFile; fileRef = 086EA666598EBF38A0F20AC4 /* GTFSUpdateService.swift */; };
		287DF72B62A6F35561AB3F7F /* TransitModels.swift in Sources */ = {isa = PBXBuildFile; fileRef = B3F71D67F0D81B6040AA5BD8 /* TransitModels.swift */; };
		2D864BC8AB8865EFBA51D5AF /* LocationService.swift in Sources */ = {isa = PBXBuildFile; fileRef = FE7C0BA5C9E843B26C6646AC /* LocationService.swift */; };
		2ED06D07BA6056C3CB8586C0 /* TMBModels.swift in Sources */ = {isa = PBXBuildFile; fileRef = C8E26F7DCEA7F1C43435440A /* TMBModels.swift */; };
		3093288F380C97F729815A6F /* LocationService.swift in Sources */ = {isa = PBXBuildFile; fileRef = FE7C0BA5C9E843B26C6646AC /* LocationService.swift */; };
		32AF7EAF012F00CC01B1BDCC /* ServiceProtocols.swift in Sources */ = {isa = PBXBuildFile; fileRef = 89F1BFB7DEF8969629E8B9F5 /* ServiceProtocols.swift */; };
		35CAED546B20E60067E6EDA2 /* WalkingETAService.swift in Sources */ = {isa = PBXBuildFile; fileRef = 5BC28C3FAABBF6CE8BFBFCB3 /* WalkingETAService.swift */; };
		37A2352A3DB8E8D42437882C /* TMBiBusService.swift in Sources */ = {isa = PBXBuildFile; fileRef = BC3C0AD4259B2666BB0B36D5 /* TMBiBusService.swift */; };
		385EB72F40F801E6A931541B /* DeparturesBetweenStopsIntent.swift in Sources */ = {isa = PBXBuildFile; fileRef = 865F7F251E18A7108701FA7D /* DeparturesBetweenStopsIntent.swift */; };
		3C2A81BEAB593F72099C43E7 /* ContentView.swift in Sources */ = {isa = PBXBuildFile; fileRef = 55937ED73F88BD9D5C9B43CC /* ContentView.swift */; };
		3F9B5D15ECA8CE05316E5315 /* NextDepartureIntent.swift in Sources */ = {isa = PBXBuildFile; fileRef = 9C3C9CDFE14736D12CF5C621 /* NextDepartureIntent.swift */; };
		3FBC4856F15E27FDD3CCAC45 /* SharedContainer.swift in Sources */ = {isa = PBXBuildFile; fileRef = 1C75E76DCB3DEEC9B70E3A1E /* SharedContainer.swift */; };
		43A1013CA02B274A22649FDE /* ServiceProtocols.swift in Sources */ = {isa = PBXBuildFile; fileRef = 89F1BFB7DEF8969629E8B9F5 /* ServiceProtocols.swift */; };
		46A6DD87F6EC320B9CF227A6 /* ServiceAlertPresentation.swift in Sources */ = {isa = PBXBuildFile; fileRef = B4D903980085315FF4B4D258 /* ServiceAlertPresentation.swift */; };
		4D2252E6F3967AECBCA1AEE7 /* TransitModels.swift in Sources */ = {isa = PBXBuildFile; fileRef = B3F71D67F0D81B6040AA5BD8 /* TransitModels.swift */; };
		4D7776147FF72054474609C5 /* Localizable.xcstrings in Resources */ = {isa = PBXBuildFile; fileRef = 8E49CC5FF169EDA3EBDFB32E /* Localizable.xcstrings */; };
		4E144B7157426835D4B1ABD6 /* ServiceAlertPresentation.swift in Sources */ = {isa = PBXBuildFile; fileRef = B4D903980085315FF4B4D258 /* ServiceAlertPresentation.swift */; };
		4F8400F2D810DC0E7A0074C5 /* CommutePresentation.swift in Sources */ = {isa = PBXBuildFile; fileRef = 5379482E39EA459D2F5BD0AB /* CommutePresentation.swift */; };
		5064C6430D05B37DF97E8027 /* Assets.xcassets in Resources */ = {isa = PBXBuildFile; fileRef = 3416EE5192208E30B00DC270 /* Assets.xcassets */; };
		5106E8538704E39397022D5D /* CommuteTracker.swift in Sources */ = {isa = PBXBuildFile; fileRef = 4321DC818061EE5A1BD6AD30 /* CommuteTracker.swift */; };
		51A073314DF54AE0591E4D13 /* CalendarDiagnosticLog.swift in Sources */ = {isa = PBXBuildFile; fileRef = 8BC101315790D3841DD78683 /* CalendarDiagnosticLog.swift */; };
		5653133E221E4023561C17EB /* google_transit.zip in Resources */ = {isa = PBXBuildFile; fileRef = 0C956243B7E2E4347C7324A8 /* google_transit.zip */; };
		5806D5873EC4807F3F693F8C /* GTFSCSVParser.swift in Sources */ = {isa = PBXBuildFile; fileRef = DA5BF55AAFA539FEB2A7027F /* GTFSCSVParser.swift */; };
		5BDD31290D712E0B058FC570 /* gtfs-realtime.pb.swift in Sources */ = {isa = PBXBuildFile; fileRef = D5D85FE3C938B33CFEA23B20 /* gtfs-realtime.pb.swift */; };
		65DEB3330E579F858FACE482 /* Assets.xcassets in Resources */ = {isa = PBXBuildFile; fileRef = 936C59BAA7286F130195CDB1 /* Assets.xcassets */; };
		689068B45D8F7A938BB3EA9F /* StopEntity.swift in Sources */ = {isa = PBXBuildFile; fileRef = 12EA6FC891323BC8AB3E27AF /* StopEntity.swift */; };
		6B292E685D0F89DFB11FEF31 /* TMBModels.swift in Sources */ = {isa = PBXBuildFile; fileRef = C8E26F7DCEA7F1C43435440A /* TMBModels.swift */; };
		6B903A7090BF99F60373BE2B /* CalendarService.swift in Sources */ = {isa = PBXBuildFile; fileRef = 0848B20C357FCC356EF7F3B6 /* CalendarService.swift */; };
		6C9FB2712C5D91C9FA190806 /* PingActivityAttributes.swift in Sources */ = {isa = PBXBuildFile; fileRef = D331C2014B7604CC25374615 /* PingActivityAttributes.swift */; };
		702F8F1DFD9972AED6A0A01F /* Constants.swift in Sources */ = {isa = PBXBuildFile; fileRef = 1EFBBA38E50BC24A005019E4 /* Constants.swift */; };
		740C00E3A6E1A4270958F7C8 /* PingActivityAttributes.swift in Sources */ = {isa = PBXBuildFile; fileRef = D331C2014B7604CC25374615 /* PingActivityAttributes.swift */; };
		75E6D413E297F0B77363A7EB /* FGCRealtimeService.swift in Sources */ = {isa = PBXBuildFile; fileRef = 785FE802F746A55BA44BA96B /* FGCRealtimeService.swift */; };
		76AC8ACEFF042639315506B9 /* FGCRealtimeService.swift in Sources */ = {isa = PBXBuildFile; fileRef = 785FE802F746A55BA44BA96B /* FGCRealtimeService.swift */; };
		784350677213873A9475D86A /* TMBiBusService.swift in Sources */ = {isa = PBXBuildFile; fileRef = BC3C0AD4259B2666BB0B36D5 /* TMBiBusService.swift */; };
		7B30EE9B7C1D55C7C41E0E3D /* TMBModels.swift in Sources */ = {isa = PBXBuildFile; fileRef = C8E26F7DCEA7F1C43435440A /* TMBModels.swift */; };
		7CDA7B097F8D7942C533FBFB /* GTFSCSVParser.swift in Sources */ = {isa = PBXBuildFile; fileRef = DA5BF55AAFA539FEB2A7027F /* GTFSCSVParser.swift */; };
		7F460E20D1ADA8EA3005603C /* GTFSCSVParser.swift in Sources */ = {isa = PBXBuildFile; fileRef = DA5BF55AAFA539FEB2A7027F /* GTFSCSVParser.swift */; };
		815989C40377D6065C717827 /* ZIPFoundation in Frameworks */ = {isa = PBXBuildFile; productRef = 81D935DD02BA4651DE209140 /* ZIPFoundation */; };
		852B191579D98F352FC69946 /* CalendarService.swift in Sources */ = {isa = PBXBuildFile; fileRef = 0848B20C357FCC356EF7F3B6 /* CalendarService.swift */; };
		8582B6EBD0FC12A522D15129 /* MenuBarView.swift in Sources */ = {isa = PBXBuildFile; fileRef = 28051C0A3FAE0625158FBF62 /* MenuBarView.swift */; };
		8BB4ADD3B4174225A3005E31 /* FGCServiceAlertsService.swift in Sources */ = {isa = PBXBuildFile; fileRef = 8F5B41BDABF69E1CC6379929 /* FGCServiceAlertsService.swift */; };
		8CAB4D7B392FFE7CA25B5132 /* TMBCredentialProvider.swift in Sources */ = {isa = PBXBuildFile; fileRef = CDCA8C1DC65C32D84A436B35 /* TMBCredentialProvider.swift */; };
		8F38E3A3850FBC1E9F0B178F /* SharedSettingsView.swift in Sources */ = {isa = PBXBuildFile; fileRef = 09116DEBE6559278706A92A0 /* SharedSettingsView.swift */; };
		924F4B37052816475EC14F9B /* CommutePresentation.swift in Sources */ = {isa = PBXBuildFile; fileRef = 5379482E39EA459D2F5BD0AB /* CommutePresentation.swift */; };
		929A9F3E79937E91910628FC /* google_transit.zip in Resources */ = {isa = PBXBuildFile; fileRef = 0C956243B7E2E4347C7324A8 /* google_transit.zip */; };
		932EC972ED8C347EFC8E8A61 /* PingStore.swift in Sources */ = {isa = PBXBuildFile; fileRef = 35D1B6EF5FF939EBFCA0274A /* PingStore.swift */; };
		95AEC08B4D11031D852A5A31 /* NotificationScheduler.swift in Sources */ = {isa = PBXBuildFile; fileRef = DCF726A0720C8355B05F9E59 /* NotificationScheduler.swift */; };
		98F9F485C9A67DF2B11369CA /* FGCStaticService.swift in Sources */ = {isa = PBXBuildFile; fileRef = 6A9ACB3C37DA3383A4FD2DFE /* FGCStaticService.swift */; };
		A19389CEAAF931F5AFC229C0 /* CommuteEngine.swift in Sources */ = {isa = PBXBuildFile; fileRef = EADCB994A8C6B7A7D64301D0 /* CommuteEngine.swift */; };
		A1EAFBCBAE9B54813B007D85 /* FGCMapView.swift in Sources */ = {isa = PBXBuildFile; fileRef = AB7D09DE8E676407C04F9A77 /* FGCMapView.swift */; };
		A252A8504EC3F099DB78CA85 /* ZIPFoundation in Frameworks */ = {isa = PBXBuildFile; productRef = 74235549CDBFB0043E4B7AEC /* ZIPFoundation */; };
		A60C9CB08B2F776AF9B5BB59 /* GTFSUpdateService.swift in Sources */ = {isa = PBXBuildFile; fileRef = 086EA666598EBF38A0F20AC4 /* GTFSUpdateService.swift */; };
		A7787CDE8E7BA4133A06F7EE /* WalkingETAService.swift in Sources */ = {isa = PBXBuildFile; fileRef = 5BC28C3FAABBF6CE8BFBFCB3 /* WalkingETAService.swift */; };
		ABBC85D0544F5FFBA02D1984 /* PingMacApp.swift in Sources */ = {isa = PBXBuildFile; fileRef = 0E7EA5611A04A96CB6C50395 /* PingMacApp.swift */; };
		AC4AC5B5B45FEB0940182F73 /* PingStore.swift in Sources */ = {isa = PBXBuildFile; fileRef = 35D1B6EF5FF939EBFCA0274A /* PingStore.swift */; };
		AE5773056618B658D0BDB74C /* Localizable.xcstrings in Resources */ = {isa = PBXBuildFile; fileRef = 8E49CC5FF169EDA3EBDFB32E /* Localizable.xcstrings */; };
		B4165D0E47C25A6403012345 /* PingiOSApp.swift in Sources */ = {isa = PBXBuildFile; fileRef = AC31FED7C10F1A506C456CC1 /* PingiOSApp.swift */; };
		B7C0C2139450C386F3ACE7B6 /* gtfs-realtime.pb.swift in Sources */ = {isa = PBXBuildFile; fileRef = D5D85FE3C938B33CFEA23B20 /* gtfs-realtime.pb.swift */; };
		B8F8609DC50FB7853FA024BE /* CommuteEngine.swift in Sources */ = {isa = PBXBuildFile; fileRef = EADCB994A8C6B7A7D64301D0 /* CommuteEngine.swift */; };
		BB552271A2211508A2471963 /* SharedSettingsView.swift in Sources */ = {isa = PBXBuildFile; fileRef = 09116DEBE6559278706A92A0 /* SharedSettingsView.swift */; };
		BD174F5A1830F1FEFA2CCA77 /* StationPickerSheet.swift in Sources */ = {isa = PBXBuildFile; fileRef = 8FDDF099B2353C158FBEF5D2 /* StationPickerSheet.swift */; };
		BDD43B13E54FEA8E1EA682AB /* ServiceProtocols.swift in Sources */ = {isa = PBXBuildFile; fileRef = 89F1BFB7DEF8969629E8B9F5 /* ServiceProtocols.swift */; };
		C2E86D705A15F946A33A6B76 /* SharedContainer.swift in Sources */ = {isa = PBXBuildFile; fileRef = 1C75E76DCB3DEEC9B70E3A1E /* SharedContainer.swift */; };
		C37FE713C41C15A05724536E /* SwiftProtobuf in Frameworks */ = {isa = PBXBuildFile; productRef = 7832DD8A33D463BD92DB21C0 /* SwiftProtobuf */; };
		C53798F8DD5225721CF59683 /* TMBCredentialProvider.swift in Sources */ = {isa = PBXBuildFile; fileRef = CDCA8C1DC65C32D84A436B35 /* TMBCredentialProvider.swift */; };
		C9083D12373B742A1A2355AA /* PingWidgetsBundle.swift in Sources */ = {isa = PBXBuildFile; fileRef = 71068AB1DAF04AD2B1273F1B /* PingWidgetsBundle.swift */; };
		C9F95458CCC92023448D0728 /* EmptyStates.swift in Sources */ = {isa = PBXBuildFile; fileRef = FC304044FFDE79AB5E9C8372 /* EmptyStates.swift */; };
		CA6750903F49CB66C3256DDE /* gtfs-realtime.pb.swift in Sources */ = {isa = PBXBuildFile; fileRef = D5D85FE3C938B33CFEA23B20 /* gtfs-realtime.pb.swift */; };
		CCF6627DF8D5F89B9EBE8786 /* SwiftProtobuf in Frameworks */ = {isa = PBXBuildFile; productRef = D44F74B49E2D1C955FF1C6AC /* SwiftProtobuf */; };
		CDC027511142806B6917D508 /* SwiftProtobuf in Frameworks */ = {isa = PBXBuildFile; productRef = 3AF62F9122E1AE1EBFFB27FC /* SwiftProtobuf */; };
		D3D854D5CABEE57488E3BDA1 /* CountdownFormatting.swift in Sources */ = {isa = PBXBuildFile; fileRef = 93A0C9AEC2A818BFB13C981D /* CountdownFormatting.swift */; };
		D41B773C6B9B4F241C2874BD /* ZIPFoundation in Frameworks */ = {isa = PBXBuildFile; productRef = 29A6F518F2ACCF5955776403 /* ZIPFoundation */; };
		D6E479D20057B159FAEDE0E1 /* TMBStaticService.swift in Sources */ = {isa = PBXBuildFile; fileRef = CA5FA06E76693881D06F589E /* TMBStaticService.swift */; };
		D7CD4EED199DAA53AF687255 /* TMBStaticService.swift in Sources */ = {isa = PBXBuildFile; fileRef = CA5FA06E76693881D06F589E /* TMBStaticService.swift */; };
		DAF55A7C2B6906E3AFD0078B /* PingStore.swift in Sources */ = {isa = PBXBuildFile; fileRef = 35D1B6EF5FF939EBFCA0274A /* PingStore.swift */; };
		DC6025EAF943A409288298E7 /* SharedSettingsView.swift in Sources */ = {isa = PBXBuildFile; fileRef = 09116DEBE6559278706A92A0 /* SharedSettingsView.swift */; };
		E0621CD31CA0B191A677B05F /* GTFSUpdateService.swift in Sources */ = {isa = PBXBuildFile; fileRef = 086EA666598EBF38A0F20AC4 /* GTFSUpdateService.swift */; };
		E071F79744758EE7AD9CBE8D /* LocationService.swift in Sources */ = {isa = PBXBuildFile; fileRef = FE7C0BA5C9E843B26C6646AC /* LocationService.swift */; };
		E309FDA8BA288ED387C1E7B7 /* CommuteEngine.swift in Sources */ = {isa = PBXBuildFile; fileRef = EADCB994A8C6B7A7D64301D0 /* CommuteEngine.swift */; };
		E61FF7F0AEF32944B8A066C9 /* TMBStaticService.swift in Sources */ = {isa = PBXBuildFile; fileRef = CA5FA06E76693881D06F589E /* TMBStaticService.swift */; };
		E635A68794CD5AA26EA2F05A /* CalendarService.swift in Sources */ = {isa = PBXBuildFile; fileRef = 0848B20C357FCC356EF7F3B6 /* CalendarService.swift */; };
		E71E875FB49A9C23D01A7BD9 /* Localizable.xcstrings in Resources */ = {isa = PBXBuildFile; fileRef = 8E49CC5FF169EDA3EBDFB32E /* Localizable.xcstrings */; };
		E75BB5DDF6D2AF7CF44C08A6 /* google_transit.zip in Resources */ = {isa = PBXBuildFile; fileRef = 0C956243B7E2E4347C7324A8 /* google_transit.zip */; };
		E7E08C69B3EF823979AA849A /* PingIntentSupport.swift in Sources */ = {isa = PBXBuildFile; fileRef = 4120580139BA17E7B9EF291C /* PingIntentSupport.swift */; };
		E7FD7B7038A90727A9616E87 /* FGCStaticService.swift in Sources */ = {isa = PBXBuildFile; fileRef = 6A9ACB3C37DA3383A4FD2DFE /* FGCStaticService.swift */; };
		EA50BB7C4D25800E21840575 /* NoticeCard.swift in Sources */ = {isa = PBXBuildFile; fileRef = 64494DA54CC31BF4EC4EAFCB /* NoticeCard.swift */; };
		EF86E05E078BB547077CE388 /* TMBiBusService.swift in Sources */ = {isa = PBXBuildFile; fileRef = BC3C0AD4259B2666BB0B36D5 /* TMBiBusService.swift */; };
		F1C24314D054FF12B3EF291C /* WalkingETAService.swift in Sources */ = {isa = PBXBuildFile; fileRef = 5BC28C3FAABBF6CE8BFBFCB3 /* WalkingETAService.swift */; };
		F6469B3C431F67893C24DA14 /* CountdownFormatting.swift in Sources */ = {isa = PBXBuildFile; fileRef = 93A0C9AEC2A818BFB13C981D /* CountdownFormatting.swift */; };
		F646A62D262DB7FFD6950B2A /* TMBCredentialProvider.swift in Sources */ = {isa = PBXBuildFile; fileRef = CDCA8C1DC65C32D84A436B35 /* TMBCredentialProvider.swift */; };
		F9B621CDF1928887D2546556 /* TrainHeroCard.swift in Sources */ = {isa = PBXBuildFile; fileRef = BF601D48624FC4A1B81BE025 /* TrainHeroCard.swift */; };
		FC04413D3CB9823A6736F3B2 /* ServiceAlertsSheet.swift in Sources */ = {isa = PBXBuildFile; fileRef = 02E19E83B0824E4A792B703E /* ServiceAlertsSheet.swift */; };
		FCE4BAF831EBDA74EB187ED4 /* FGCStaticService.swift in Sources */ = {isa = PBXBuildFile; fileRef = 6A9ACB3C37DA3383A4FD2DFE /* FGCStaticService.swift */; };
		FD0D238CA4614905A5B00910 /* TransitModels.swift in Sources */ = {isa = PBXBuildFile; fileRef = B3F71D67F0D81B6040AA5BD8 /* TransitModels.swift */; };
/* End PBXBuildFile section */

/* Begin PBXContainerItemProxy section */
		B6DE8C423F3E35BF90D3F458 /* PBXContainerItemProxy */ = {
			isa = PBXContainerItemProxy;
			containerPortal = B9E9704F4D85DED7987417C2 /* Project object */;
			proxyType = 1;
			remoteGlobalIDString = AF6C43B513E29B23F2454BD7;
			remoteInfo = PingWidgets;
		};
/* End PBXContainerItemProxy section */

/* Begin PBXCopyFilesBuildPhase section */
		4C2EEE497477D607419C144A /* Embed Foundation Extensions */ = {
			isa = PBXCopyFilesBuildPhase;
			buildActionMask = 2147483647;
			dstPath = "";
			dstSubfolderSpec = 13;
			files = (
				1A2DEDBDEDF7C64547B74F5E /* PingWidgets.appex in Embed Foundation Extensions */,
			);
			name = "Embed Foundation Extensions";
			runOnlyForDeploymentPostprocessing = 0;
		};
/* End PBXCopyFilesBuildPhase section */

/* Begin PBXFileReference section */
		02E19E83B0824E4A792B703E /* ServiceAlertsSheet.swift */ = {isa = PBXFileReference; lastKnownFileType = sourcecode.swift; path = ServiceAlertsSheet.swift; sourceTree = "<group>"; };
		079962CAD515A7859A25A9F5 /* Ping macOS.app */ = {isa = PBXFileReference; explicitFileType = wrapper.application; includeInIndex = 0; path = "Ping macOS.app"; sourceTree = BUILT_PRODUCTS_DIR; };
		0848B20C357FCC356EF7F3B6 /* CalendarService.swift */ = {isa = PBXFileReference; lastKnownFileType = sourcecode.swift; path = CalendarService.swift; sourceTree = "<group>"; };
		086EA666598EBF38A0F20AC4 /* GTFSUpdateService.swift */ = {isa = PBXFileReference; lastKnownFileType = sourcecode.swift; path = GTFSUpdateService.swift; sourceTree = "<group>"; };
		09116DEBE6559278706A92A0 /* SharedSettingsView.swift */ = {isa = PBXFileReference; lastKnownFileType = sourcecode.swift; path = SharedSettingsView.swift; sourceTree = "<group>"; };
		0C956243B7E2E4347C7324A8 /* google_transit.zip */ = {isa = PBXFileReference; lastKnownFileType = archive.zip; path = google_transit.zip; sourceTree = "<group>"; };
		0CB73B6EBF36B1A740E0212D /* Info.plist */ = {isa = PBXFileReference; lastKnownFileType = text.plist; path = Info.plist; sourceTree = "<group>"; };
		0D5D409C2FB4A77056B2A6C0 /* PingWidgets.appex */ = {isa = PBXFileReference; includeInIndex = 0; lastKnownFileType = "wrapper.app-extension"; path = PingWidgets.appex; sourceTree = BUILT_PRODUCTS_DIR; };
		0E7EA5611A04A96CB6C50395 /* PingMacApp.swift */ = {isa = PBXFileReference; lastKnownFileType = sourcecode.swift; path = PingMacApp.swift; sourceTree = "<group>"; };
		12EA6FC891323BC8AB3E27AF /* StopEntity.swift */ = {isa = PBXFileReference; lastKnownFileType = sourcecode.swift; path = StopEntity.swift; sourceTree = "<group>"; };
		1C75E76DCB3DEEC9B70E3A1E /* SharedContainer.swift */ = {isa = PBXFileReference; lastKnownFileType = sourcecode.swift; path = SharedContainer.swift; sourceTree = "<group>"; };
		1EFBBA38E50BC24A005019E4 /* Constants.swift */ = {isa = PBXFileReference; lastKnownFileType = sourcecode.swift; path = Constants.swift; sourceTree = "<group>"; };
		28051C0A3FAE0625158FBF62 /* MenuBarView.swift */ = {isa = PBXFileReference; lastKnownFileType = sourcecode.swift; path = MenuBarView.swift; sourceTree = "<group>"; };
		3416EE5192208E30B00DC270 /* Assets.xcassets */ = {isa = PBXFileReference; lastKnownFileType = folder.assetcatalog; path = Assets.xcassets; sourceTree = "<group>"; };
		35D1B6EF5FF939EBFCA0274A /* PingStore.swift */ = {isa = PBXFileReference; lastKnownFileType = sourcecode.swift; path = PingStore.swift; sourceTree = "<group>"; };
		37F046F5016EFFB097BA5F67 /* Info.plist */ = {isa = PBXFileReference; lastKnownFileType = text.plist; path = Info.plist; sourceTree = "<group>"; };
		4120580139BA17E7B9EF291C /* PingIntentSupport.swift */ = {isa = PBXFileReference; lastKnownFileType = sourcecode.swift; path = PingIntentSupport.swift; sourceTree = "<group>"; };
		4321DC818061EE5A1BD6AD30 /* CommuteTracker.swift */ = {isa = PBXFileReference; lastKnownFileType = sourcecode.swift; path = CommuteTracker.swift; sourceTree = "<group>"; };
		5379482E39EA459D2F5BD0AB /* CommutePresentation.swift */ = {isa = PBXFileReference; lastKnownFileType = sourcecode.swift; path = CommutePresentation.swift; sourceTree = "<group>"; };
		55937ED73F88BD9D5C9B43CC /* ContentView.swift */ = {isa = PBXFileReference; lastKnownFileType = sourcecode.swift; path = ContentView.swift; sourceTree = "<group>"; };
		5BC28C3FAABBF6CE8BFBFCB3 /* WalkingETAService.swift */ = {isa = PBXFileReference; lastKnownFileType = sourcecode.swift; path = WalkingETAService.swift; sourceTree = "<group>"; };
		5EAEBFE9C2FC73C1E803C56E /* PingShortcutsProvider.swift */ = {isa = PBXFileReference; lastKnownFileType = sourcecode.swift; path = PingShortcutsProvider.swift; sourceTree = "<group>"; };
		64494DA54CC31BF4EC4EAFCB /* NoticeCard.swift */ = {isa = PBXFileReference; lastKnownFileType = sourcecode.swift; path = NoticeCard.swift; sourceTree = "<group>"; };
		6A9ACB3C37DA3383A4FD2DFE /* FGCStaticService.swift */ = {isa = PBXFileReference; lastKnownFileType = sourcecode.swift; path = FGCStaticService.swift; sourceTree = "<group>"; };
		71068AB1DAF04AD2B1273F1B /* PingWidgetsBundle.swift */ = {isa = PBXFileReference; lastKnownFileType = sourcecode.swift; path = PingWidgetsBundle.swift; sourceTree = "<group>"; };
		785FE802F746A55BA44BA96B /* FGCRealtimeService.swift */ = {isa = PBXFileReference; lastKnownFileType = sourcecode.swift; path = FGCRealtimeService.swift; sourceTree = "<group>"; };
		7E7C8DDDED26E37FAA6DC31C /* Ping iOS.app */ = {isa = PBXFileReference; includeInIndex = 0; lastKnownFileType = wrapper.application; path = "Ping iOS.app"; sourceTree = BUILT_PRODUCTS_DIR; };
		865F7F251E18A7108701FA7D /* DeparturesBetweenStopsIntent.swift */ = {isa = PBXFileReference; lastKnownFileType = sourcecode.swift; path = DeparturesBetweenStopsIntent.swift; sourceTree = "<group>"; };
		89F1BFB7DEF8969629E8B9F5 /* ServiceProtocols.swift */ = {isa = PBXFileReference; lastKnownFileType = sourcecode.swift; path = ServiceProtocols.swift; sourceTree = "<group>"; };
		8BC101315790D3841DD78683 /* CalendarDiagnosticLog.swift */ = {isa = PBXFileReference; lastKnownFileType = sourcecode.swift; path = CalendarDiagnosticLog.swift; sourceTree = "<group>"; };
		8DAF48A42884B0276B96B3D0 /* TMBKeys.xcconfig */ = {isa = PBXFileReference; lastKnownFileType = text.xcconfig; path = TMBKeys.xcconfig; sourceTree = "<group>"; };
		8E49CC5FF169EDA3EBDFB32E /* Localizable.xcstrings */ = {isa = PBXFileReference; lastKnownFileType = text.json.xcstrings; path = Localizable.xcstrings; sourceTree = "<group>"; };
		8F5B41BDABF69E1CC6379929 /* FGCServiceAlertsService.swift */ = {isa = PBXFileReference; lastKnownFileType = sourcecode.swift; path = FGCServiceAlertsService.swift; sourceTree = "<group>"; };
		8FDDF099B2353C158FBEF5D2 /* StationPickerSheet.swift */ = {isa = PBXFileReference; lastKnownFileType = sourcecode.swift; path = StationPickerSheet.swift; sourceTree = "<group>"; };
		936C59BAA7286F130195CDB1 /* Assets.xcassets */ = {isa = PBXFileReference; lastKnownFileType = folder.assetcatalog; path = Assets.xcassets; sourceTree = "<group>"; };
		93A0C9AEC2A818BFB13C981D /* CountdownFormatting.swift */ = {isa = PBXFileReference; lastKnownFileType = sourcecode.swift; path = CountdownFormatting.swift; sourceTree = "<group>"; };
		9C3C9CDFE14736D12CF5C621 /* NextDepartureIntent.swift */ = {isa = PBXFileReference; lastKnownFileType = sourcecode.swift; path = NextDepartureIntent.swift; sourceTree = "<group>"; };
		AB7D09DE8E676407C04F9A77 /* FGCMapView.swift */ = {isa = PBXFileReference; lastKnownFileType = sourcecode.swift; path = FGCMapView.swift; sourceTree = "<group>"; };
		AC31FED7C10F1A506C456CC1 /* PingiOSApp.swift */ = {isa = PBXFileReference; lastKnownFileType = sourcecode.swift; path = PingiOSApp.swift; sourceTree = "<group>"; };
		B3F71D67F0D81B6040AA5BD8 /* TransitModels.swift */ = {isa = PBXFileReference; lastKnownFileType = sourcecode.swift; path = TransitModels.swift; sourceTree = "<group>"; };
		B4D903980085315FF4B4D258 /* ServiceAlertPresentation.swift */ = {isa = PBXFileReference; lastKnownFileType = sourcecode.swift; path = ServiceAlertPresentation.swift; sourceTree = "<group>"; };
		B507486A4EDE12BD849698F0 /* TMBKeys.example.xcconfig */ = {isa = PBXFileReference; lastKnownFileType = text.xcconfig; path = TMBKeys.example.xcconfig; sourceTree = "<group>"; };
		BC3C0AD4259B2666BB0B36D5 /* TMBiBusService.swift */ = {isa = PBXFileReference; lastKnownFileType = sourcecode.swift; path = TMBiBusService.swift; sourceTree = "<group>"; };
		BF601D48624FC4A1B81BE025 /* TrainHeroCard.swift */ = {isa = PBXFileReference; lastKnownFileType = sourcecode.swift; path = TrainHeroCard.swift; sourceTree = "<group>"; };
		C14A908FCE4C00BC53EA483F /* TrackingHaptics.swift */ = {isa = PBXFileReference; lastKnownFileType = sourcecode.swift; path = TrackingHaptics.swift; sourceTree = "<group>"; };
		C8E26F7DCEA7F1C43435440A /* TMBModels.swift */ = {isa = PBXFileReference; lastKnownFileType = sourcecode.swift; path = TMBModels.swift; sourceTree = "<group>"; };
		CA5FA06E76693881D06F589E /* TMBStaticService.swift */ = {isa = PBXFileReference; lastKnownFileType = sourcecode.swift; path = TMBStaticService.swift; sourceTree = "<group>"; };
		CDCA8C1DC65C32D84A436B35 /* TMBCredentialProvider.swift */ = {isa = PBXFileReference; lastKnownFileType = sourcecode.swift; path = TMBCredentialProvider.swift; sourceTree = "<group>"; };
		D331C2014B7604CC25374615 /* PingActivityAttributes.swift */ = {isa = PBXFileReference; lastKnownFileType = sourcecode.swift; path = PingActivityAttributes.swift; sourceTree = "<group>"; };
		D5D85FE3C938B33CFEA23B20 /* gtfs-realtime.pb.swift */ = {isa = PBXFileReference; lastKnownFileType = sourcecode.swift; path = "gtfs-realtime.pb.swift"; sourceTree = "<group>"; };
		DA5BF55AAFA539FEB2A7027F /* GTFSCSVParser.swift */ = {isa = PBXFileReference; lastKnownFileType = sourcecode.swift; path = GTFSCSVParser.swift; sourceTree = "<group>"; };
		DCF726A0720C8355B05F9E59 /* NotificationScheduler.swift */ = {isa = PBXFileReference; lastKnownFileType = sourcecode.swift; path = NotificationScheduler.swift; sourceTree = "<group>"; };
		DFFA8280E737C667FBAE5836 /* Info.plist */ = {isa = PBXFileReference; lastKnownFileType = text.plist; path = Info.plist; sourceTree = "<group>"; };
		EADCB994A8C6B7A7D64301D0 /* CommuteEngine.swift */ = {isa = PBXFileReference; lastKnownFileType = sourcecode.swift; path = CommuteEngine.swift; sourceTree = "<group>"; };
		F2C9F3AD2BEE5C5DE7E3367E /* PingLiveActivity.swift */ = {isa = PBXFileReference; lastKnownFileType = sourcecode.swift; path = PingLiveActivity.swift; sourceTree = "<group>"; };
		FC304044FFDE79AB5E9C8372 /* EmptyStates.swift */ = {isa = PBXFileReference; lastKnownFileType = sourcecode.swift; path = EmptyStates.swift; sourceTree = "<group>"; };
		FE7C0BA5C9E843B26C6646AC /* LocationService.swift */ = {isa = PBXFileReference; lastKnownFileType = sourcecode.swift; path = LocationService.swift; sourceTree = "<group>"; };
/* End PBXFileReference section */

/* Begin PBXFrameworksBuildPhase section */
		466DCDD20309F55110320190 /* Frameworks */ = {
			isa = PBXFrameworksBuildPhase;
			buildActionMask = 2147483647;
			files = (
				CDC027511142806B6917D508 /* SwiftProtobuf in Frameworks */,
				815989C40377D6065C717827 /* ZIPFoundation in Frameworks */,
			);
			runOnlyForDeploymentPostprocessing = 0;
		};
		7484EE5842D110073C169E9C /* Frameworks */ = {
			isa = PBXFrameworksBuildPhase;
			buildActionMask = 2147483647;
			files = (
				C37FE713C41C15A05724536E /* SwiftProtobuf in Frameworks */,
				D41B773C6B9B4F241C2874BD /* ZIPFoundation in Frameworks */,
			);
			runOnlyForDeploymentPostprocessing = 0;
		};
		947EF4CB53D2669FF0678CF2 /* Frameworks */ = {
			isa = PBXFrameworksBuildPhase;
			buildActionMask = 2147483647;
			files = (
				CCF6627DF8D5F89B9EBE8786 /* SwiftProtobuf in Frameworks */,
				A252A8504EC3F099DB78CA85 /* ZIPFoundation in Frameworks */,
			);
			runOnlyForDeploymentPostprocessing = 0;
		};
/* End PBXFrameworksBuildPhase section */

/* Begin PBXGroup section */
		0A44780FB96E481BEE09FE66 /* Shared */ = {
			isa = PBXGroup;
			children = (
				E8142F8157F292E5C2F7C9B1 /* Engine */,
				6A943806A79905586B054442 /* Generated */,
				8B11C35D1DB5006B64B9E086 /* Models */,
				BB111787A0E0419C526FE3EF /* Services */,
				832FDC533DA917C61BE59899 /* Views */,
			);
			path = Shared;
			sourceTree = "<group>";
		};
		346BF9ACFE96E62F660DD675 /* iOS */ = {
			isa = PBXGroup;
			children = (
				3416EE5192208E30B00DC270 /* Assets.xcassets */,
				55937ED73F88BD9D5C9B43CC /* ContentView.swift */,
				AB7D09DE8E676407C04F9A77 /* FGCMapView.swift */,
				0CB73B6EBF36B1A740E0212D /* Info.plist */,
				DCF726A0720C8355B05F9E59 /* NotificationScheduler.swift */,
				AC31FED7C10F1A506C456CC1 /* PingiOSApp.swift */,
				3A4DE5F6A55063866ADE21E3 /* Config */,
				D9A9707536FCF0E3531449AA /* Intents */,
				93D8393C8C2902C078937ED9 /* Tracking */,
				9E979F4D0D2CA0C2031BAD8E /* Views */,
			);
			path = iOS;
			sourceTree = "<group>";
		};
		371DA8553590B4B7180F78A2 /* Proto */ = {
			isa = PBXGroup;
			children = (
				D5D85FE3C938B33CFEA23B20 /* gtfs-realtime.pb.swift */,
			);
			path = Proto;
			sourceTree = "<group>";
		};
		3A4DE5F6A55063866ADE21E3 /* Config */ = {
			isa = PBXGroup;
			children = (
				B507486A4EDE12BD849698F0 /* TMBKeys.example.xcconfig */,
				8DAF48A42884B0276B96B3D0 /* TMBKeys.xcconfig */,
			);
			path = Config;
			sourceTree = "<group>";
		};
		5D42D0A69F73D90264C2E385 /* macOS */ = {
			isa = PBXGroup;
			children = (
				936C59BAA7286F130195CDB1 /* Assets.xcassets */,
				37F046F5016EFFB097BA5F67 /* Info.plist */,
				28051C0A3FAE0625158FBF62 /* MenuBarView.swift */,
				0E7EA5611A04A96CB6C50395 /* PingMacApp.swift */,
			);
			path = macOS;
			sourceTree = "<group>";
		};
		6A943806A79905586B054442 /* Generated */ = {
			isa = PBXGroup;
			children = (
				371DA8553590B4B7180F78A2 /* Proto */,
			);
			path = Generated;
			sourceTree = "<group>";
		};
		832FDC533DA917C61BE59899 /* Views */ = {
			isa = PBXGroup;
			children = (
				5379482E39EA459D2F5BD0AB /* CommutePresentation.swift */,
				B4D903980085315FF4B4D258 /* ServiceAlertPresentation.swift */,
				09116DEBE6559278706A92A0 /* SharedSettingsView.swift */,
			);
			path = Views;
			sourceTree = "<group>";
		};
		8B11C35D1DB5006B64B9E086 /* Models */ = {
			isa = PBXGroup;
			children = (
				1EFBBA38E50BC24A005019E4 /* Constants.swift */,
				93A0C9AEC2A818BFB13C981D /* CountdownFormatting.swift */,
				D331C2014B7604CC25374615 /* PingActivityAttributes.swift */,
				C8E26F7DCEA7F1C43435440A /* TMBModels.swift */,
				B3F71D67F0D81B6040AA5BD8 /* TransitModels.swift */,
			);
			path = Models;
			sourceTree = "<group>";
		};
		93D8393C8C2902C078937ED9 /* Tracking */ = {
			isa = PBXGroup;
			children = (
				4321DC818061EE5A1BD6AD30 /* CommuteTracker.swift */,
				C14A908FCE4C00BC53EA483F /* TrackingHaptics.swift */,
			);
			path = Tracking;
			sourceTree = "<group>";
		};
		9E979F4D0D2CA0C2031BAD8E /* Views */ = {
			isa = PBXGroup;
			children = (
				FC304044FFDE79AB5E9C8372 /* EmptyStates.swift */,
				64494DA54CC31BF4EC4EAFCB /* NoticeCard.swift */,
				02E19E83B0824E4A792B703E /* ServiceAlertsSheet.swift */,
				8FDDF099B2353C158FBEF5D2 /* StationPickerSheet.swift */,
				BF601D48624FC4A1B81BE025 /* TrainHeroCard.swift */,
			);
			path = Views;
			sourceTree = "<group>";
		};
		A02423B6C8B08B7EA8498178 = {
			isa = PBXGroup;
			children = (
				346BF9ACFE96E62F660DD675 /* iOS */,
				5D42D0A69F73D90264C2E385 /* macOS */,
				E820D249D5446FD71D7FC96D /* Resources */,
				0A44780FB96E481BEE09FE66 /* Shared */,
				AEB9CA73D44360AB5F9FAC74 /* Widgets */,
				A9B87E8D0F6F0C9AE7E7E82C /* Products */,
			);
			sourceTree = "<group>";
		};
		A9B87E8D0F6F0C9AE7E7E82C /* Products */ = {
			isa = PBXGroup;
			children = (
				7E7C8DDDED26E37FAA6DC31C /* Ping iOS.app */,
				079962CAD515A7859A25A9F5 /* Ping macOS.app */,
				0D5D409C2FB4A77056B2A6C0 /* PingWidgets.appex */,
			);
			name = Products;
			sourceTree = "<group>";
		};
		AEB9CA73D44360AB5F9FAC74 /* Widgets */ = {
			isa = PBXGroup;
			children = (
				DFFA8280E737C667FBAE5836 /* Info.plist */,
				F2C9F3AD2BEE5C5DE7E3367E /* PingLiveActivity.swift */,
				71068AB1DAF04AD2B1273F1B /* PingWidgetsBundle.swift */,
			);
			path = Widgets;
			sourceTree = "<group>";
		};
		BB111787A0E0419C526FE3EF /* Services */ = {
			isa = PBXGroup;
			children = (
				8BC101315790D3841DD78683 /* CalendarDiagnosticLog.swift */,
				0848B20C357FCC356EF7F3B6 /* CalendarService.swift */,
				785FE802F746A55BA44BA96B /* FGCRealtimeService.swift */,
				8F5B41BDABF69E1CC6379929 /* FGCServiceAlertsService.swift */,
				6A9ACB3C37DA3383A4FD2DFE /* FGCStaticService.swift */,
				DA5BF55AAFA539FEB2A7027F /* GTFSCSVParser.swift */,
				086EA666598EBF38A0F20AC4 /* GTFSUpdateService.swift */,
				FE7C0BA5C9E843B26C6646AC /* LocationService.swift */,
				89F1BFB7DEF8969629E8B9F5 /* ServiceProtocols.swift */,
				CDCA8C1DC65C32D84A436B35 /* TMBCredentialProvider.swift */,
				BC3C0AD4259B2666BB0B36D5 /* TMBiBusService.swift */,
				CA5FA06E76693881D06F589E /* TMBStaticService.swift */,
				5BC28C3FAABBF6CE8BFBFCB3 /* WalkingETAService.swift */,
			);
			path = Services;
			sourceTree = "<group>";
		};
		D9A9707536FCF0E3531449AA /* Intents */ = {
			isa = PBXGroup;
			children = (
				865F7F251E18A7108701FA7D /* DeparturesBetweenStopsIntent.swift */,
				9C3C9CDFE14736D12CF5C621 /* NextDepartureIntent.swift */,
				4120580139BA17E7B9EF291C /* PingIntentSupport.swift */,
				5EAEBFE9C2FC73C1E803C56E /* PingShortcutsProvider.swift */,
				12EA6FC891323BC8AB3E27AF /* StopEntity.swift */,
			);
			path = Intents;
			sourceTree = "<group>";
		};
		E8142F8157F292E5C2F7C9B1 /* Engine */ = {
			isa = PBXGroup;
			children = (
				EADCB994A8C6B7A7D64301D0 /* CommuteEngine.swift */,
				35D1B6EF5FF939EBFCA0274A /* PingStore.swift */,
				1C75E76DCB3DEEC9B70E3A1E /* SharedContainer.swift */,
			);
			path = Engine;
			sourceTree = "<group>";
		};
		E820D249D5446FD71D7FC96D /* Resources */ = {
			isa = PBXGroup;
			children = (
				0C956243B7E2E4347C7324A8 /* google_transit.zip */,
				8E49CC5FF169EDA3EBDFB32E /* Localizable.xcstrings */,
			);
			path = Resources;
			sourceTree = "<group>";
		};
/* End PBXGroup section */

/* Begin PBXNativeTarget section */
		4DB5D7B9D41071EB5DB62A1F /* Ping macOS */ = {
			isa = PBXNativeTarget;
			buildConfigurationList = C74B001044C2E311FFE224A6 /* Build configuration list for PBXNativeTarget "Ping macOS" */;
			buildPhases = (
				BA6A61FB8A9CEE239C79C2E5 /* Sources */,
				F96FAE6FE270D5670CF8B41B /* Resources */,
				7484EE5842D110073C169E9C /* Frameworks */,
			);
			buildRules = (
			);
			dependencies = (
			);
			name = "Ping macOS";
			packageProductDependencies = (
				7832DD8A33D463BD92DB21C0 /* SwiftProtobuf */,
				29A6F518F2ACCF5955776403 /* ZIPFoundation */,
			);
			productName = "Ping macOS";
			productReference = 079962CAD515A7859A25A9F5 /* Ping macOS.app */;
			productType = "com.apple.product-type.application";
		};
		AF6C43B513E29B23F2454BD7 /* PingWidgets */ = {
			isa = PBXNativeTarget;
			buildConfigurationList = 9CFC45A6D0E6F1B742EEA645 /* Build configuration list for PBXNativeTarget "PingWidgets" */;
			buildPhases = (
				54C1D08122C26CEA463CA7BF /* Sources */,
				4DCEAEC1A015ECE552E0EC71 /* Resources */,
				947EF4CB53D2669FF0678CF2 /* Frameworks */,
			);
			buildRules = (
			);
			dependencies = (
			);
			name = PingWidgets;
			packageProductDependencies = (
				D44F74B49E2D1C955FF1C6AC /* SwiftProtobuf */,
				74235549CDBFB0043E4B7AEC /* ZIPFoundation */,
			);
			productName = PingWidgets;
			productReference = 0D5D409C2FB4A77056B2A6C0 /* PingWidgets.appex */;
			productType = "com.apple.product-type.app-extension";
		};
		E7D0F2EE6A5390D128A05DAA /* Ping iOS */ = {
			isa = PBXNativeTarget;
			buildConfigurationList = 4615D1E07D73735E3D8EE280 /* Build configuration list for PBXNativeTarget "Ping iOS" */;
			buildPhases = (
				5D3F664751DF6ADCFC243BD6 /* Sources */,
				39FB8B07DE7A082967B7612F /* Resources */,
				466DCDD20309F55110320190 /* Frameworks */,
				4C2EEE497477D607419C144A /* Embed Foundation Extensions */,
			);
			buildRules = (
			);
			dependencies = (
				A69E03E3BDB2DF6DC19F776B /* PBXTargetDependency */,
			);
			name = "Ping iOS";
			packageProductDependencies = (
				3AF62F9122E1AE1EBFFB27FC /* SwiftProtobuf */,
				81D935DD02BA4651DE209140 /* ZIPFoundation */,
			);
			productName = "Ping iOS";
			productReference = 7E7C8DDDED26E37FAA6DC31C /* Ping iOS.app */;
			productType = "com.apple.product-type.application";
		};
/* End PBXNativeTarget section */

/* Begin PBXProject section */
		B9E9704F4D85DED7987417C2 /* Project object */ = {
			isa = PBXProject;
			attributes = {
				BuildIndependentTargetsInParallel = YES;
				LastUpgradeCheck = 1430;
				TargetAttributes = {
					AF6C43B513E29B23F2454BD7 = {
						DevelopmentTeam = WXKM9YZDXT;
					};
					E7D0F2EE6A5390D128A05DAA = {
						DevelopmentTeam = WXKM9YZDXT;
					};
				};
			};
			buildConfigurationList = 73BBE7CE9FAEB2C283B1AAA1 /* Build configuration list for PBXProject "Ping" */;
			developmentRegion = en;
			hasScannedForEncodings = 0;
			knownRegions = (
				Base,
				ca,
				en,
				es,
			);
			mainGroup = A02423B6C8B08B7EA8498178;
			minimizedProjectReferenceProxies = 1;
			packageReferences = (
				B9456400D6E8973F8DD6EB0D /* XCRemoteSwiftPackageReference "swift-protobuf" */,
				A8BA4DE28556132D1D3D5796 /* XCRemoteSwiftPackageReference "ZIPFoundation" */,
			);
			preferredProjectObjectVersion = 77;
			productRefGroup = A9B87E8D0F6F0C9AE7E7E82C /* Products */;
			projectDirPath = "";
			projectRoot = "";
			targets = (
				E7D0F2EE6A5390D128A05DAA /* Ping iOS */,
				4DB5D7B9D41071EB5DB62A1F /* Ping macOS */,
				AF6C43B513E29B23F2454BD7 /* PingWidgets */,
			);
		};
/* End PBXProject section */

/* Begin PBXResourcesBuildPhase section */
		39FB8B07DE7A082967B7612F /* Resources */ = {
			isa = PBXResourcesBuildPhase;
			buildActionMask = 2147483647;
			files = (
				5064C6430D05B37DF97E8027 /* Assets.xcassets in Resources */,
				4D7776147FF72054474609C5 /* Localizable.xcstrings in Resources */,
				E75BB5DDF6D2AF7CF44C08A6 /* google_transit.zip in Resources */,
			);
			runOnlyForDeploymentPostprocessing = 0;
		};
		4DCEAEC1A015ECE552E0EC71 /* Resources */ = {
			isa = PBXResourcesBuildPhase;
			buildActionMask = 2147483647;
			files = (
				AE5773056618B658D0BDB74C /* Localizable.xcstrings in Resources */,
				5653133E221E4023561C17EB /* google_transit.zip in Resources */,
			);
			runOnlyForDeploymentPostprocessing = 0;
		};
		F96FAE6FE270D5670CF8B41B /* Resources */ = {
			isa = PBXResourcesBuildPhase;
			buildActionMask = 2147483647;
			files = (
				65DEB3330E579F858FACE482 /* Assets.xcassets in Resources */,
				E71E875FB49A9C23D01A7BD9 /* Localizable.xcstrings in Resources */,
				929A9F3E79937E91910628FC /* google_transit.zip in Resources */,
			);
			runOnlyForDeploymentPostprocessing = 0;
		};
/* End PBXResourcesBuildPhase section */

/* Begin PBXSourcesBuildPhase section */
		54C1D08122C26CEA463CA7BF /* Sources */ = {
			isa = PBXSourcesBuildPhase;
			buildActionMask = 2147483647;
			files = (
				1A9A2B216ACD4C5C17BEEA8E /* CalendarDiagnosticLog.swift in Sources */,
				852B191579D98F352FC69946 /* CalendarService.swift in Sources */,
				A19389CEAAF931F5AFC229C0 /* CommuteEngine.swift in Sources */,
				104054F7558DAEF73A31BE9C /* CommutePresentation.swift in Sources */,
				702F8F1DFD9972AED6A0A01F /* Constants.swift in Sources */,
				F6469B3C431F67893C24DA14 /* CountdownFormatting.swift in Sources */,
				76AC8ACEFF042639315506B9 /* FGCRealtimeService.swift in Sources */,
				01743C27B00F7D9D46FC522D /* FGCServiceAlertsService.swift in Sources */,
				98F9F485C9A67DF2B11369CA /* FGCStaticService.swift in Sources */,
				5806D5873EC4807F3F693F8C /* GTFSCSVParser.swift in Sources */,
				E0621CD31CA0B191A677B05F /* GTFSUpdateService.swift in Sources */,
				3093288F380C97F729815A6F /* LocationService.swift in Sources */,
				740C00E3A6E1A4270958F7C8 /* PingActivityAttributes.swift in Sources */,
				19CD972E2CC04CA050F1B213 /* PingLiveActivity.swift in Sources */,
				932EC972ED8C347EFC8E8A61 /* PingStore.swift in Sources */,
				C9083D12373B742A1A2355AA /* PingWidgetsBundle.swift in Sources */,
				0EFE186DE74B68C8FA123B66 /* ServiceAlertPresentation.swift in Sources */,
				32AF7EAF012F00CC01B1BDCC /* ServiceProtocols.swift in Sources */,
				1BE4C21EEB8DF810A62E1355 /* SharedContainer.swift in Sources */,
				DC6025EAF943A409288298E7 /* SharedSettingsView.swift in Sources */,
				C53798F8DD5225721CF59683 /* TMBCredentialProvider.swift in Sources */,
				7B30EE9B7C1D55C7C41E0E3D /* TMBModels.swift in Sources */,
				D7CD4EED199DAA53AF687255 /* TMBStaticService.swift in Sources */,
				37A2352A3DB8E8D42437882C /* TMBiBusService.swift in Sources */,
				287DF72B62A6F35561AB3F7F /* TransitModels.swift in Sources */,
				F1C24314D054FF12B3EF291C /* WalkingETAService.swift in Sources */,
				CA6750903F49CB66C3256DDE /* gtfs-realtime.pb.swift in Sources */,
			);
			runOnlyForDeploymentPostprocessing = 0;
		};
		5D3F664751DF6ADCFC243BD6 /* Sources */ = {
			isa = PBXSourcesBuildPhase;
			buildActionMask = 2147483647;
			files = (
				11E01DE730D49CB2D225F9AF /* CalendarDiagnosticLog.swift in Sources */,
				E635A68794CD5AA26EA2F05A /* CalendarService.swift in Sources */,
				B8F8609DC50FB7853FA024BE /* CommuteEngine.swift in Sources */,
				4F8400F2D810DC0E7A0074C5 /* CommutePresentation.swift in Sources */,
				5106E8538704E39397022D5D /* CommuteTracker.swift in Sources */,
				1AB8E31041A73E53E7F10460 /* Constants.swift in Sources */,
				3C2A81BEAB593F72099C43E7 /* ContentView.swift in Sources */,
				D3D854D5CABEE57488E3BDA1 /* CountdownFormatting.swift in Sources */,
				385EB72F40F801E6A931541B /* DeparturesBetweenStopsIntent.swift in Sources */,
				C9F95458CCC92023448D0728 /* EmptyStates.swift in Sources */,
				A1EAFBCBAE9B54813B007D85 /* FGCMapView.swift in Sources */,
				75E6D413E297F0B77363A7EB /* FGCRealtimeService.swift in Sources */,
				8BB4ADD3B4174225A3005E31 /* FGCServiceAlertsService.swift in Sources */,
				FCE4BAF831EBDA74EB187ED4 /* FGCStaticService.swift in Sources */,
				7CDA7B097F8D7942C533FBFB /* GTFSCSVParser.swift in Sources */,
				2534C877459955F6AF577722 /* GTFSUpdateService.swift in Sources */,
				E071F79744758EE7AD9CBE8D /* LocationService.swift in Sources */,
				3F9B5D15ECA8CE05316E5315 /* NextDepartureIntent.swift in Sources */,
				EA50BB7C4D25800E21840575 /* NoticeCard.swift in Sources */,
				95AEC08B4D11031D852A5A31 /* NotificationScheduler.swift in Sources */,
				6C9FB2712C5D91C9FA190806 /* PingActivityAttributes.swift in Sources */,
				E7E08C69B3EF823979AA849A /* PingIntentSupport.swift in Sources */,
				1368753B7835AE2E382A2AD8 /* PingShortcutsProvider.swift in Sources */,
				AC4AC5B5B45FEB0940182F73 /* PingStore.swift in Sources */,
				B4165D0E47C25A6403012345 /* PingiOSApp.swift in Sources */,
				4E144B7157426835D4B1ABD6 /* ServiceAlertPresentation.swift in Sources */,
				FC04413D3CB9823A6736F3B2 /* ServiceAlertsSheet.swift in Sources */,
				BDD43B13E54FEA8E1EA682AB /* ServiceProtocols.swift in Sources */,
				3FBC4856F15E27FDD3CCAC45 /* SharedContainer.swift in Sources */,
				8F38E3A3850FBC1E9F0B178F /* SharedSettingsView.swift in Sources */,
				BD174F5A1830F1FEFA2CCA77 /* StationPickerSheet.swift in Sources */,
				689068B45D8F7A938BB3EA9F /* StopEntity.swift in Sources */,
				F646A62D262DB7FFD6950B2A /* TMBCredentialProvider.swift in Sources */,
				2ED06D07BA6056C3CB8586C0 /* TMBModels.swift in Sources */,
				D6E479D20057B159FAEDE0E1 /* TMBStaticService.swift in Sources */,
				EF86E05E078BB547077CE388 /* TMBiBusService.swift in Sources */,
				195EB8DCCA60F7F542BC5EBE /* TrackingHaptics.swift in Sources */,
				F9B621CDF1928887D2546556 /* TrainHeroCard.swift in Sources */,
				4D2252E6F3967AECBCA1AEE7 /* TransitModels.swift in Sources */,
				35CAED546B20E60067E6EDA2 /* WalkingETAService.swift in Sources */,
				5BDD31290D712E0B058FC570 /* gtfs-realtime.pb.swift in Sources */,
			);
			runOnlyForDeploymentPostprocessing = 0;
		};
		BA6A61FB8A9CEE239C79C2E5 /* Sources */ = {
			isa = PBXSourcesBuildPhase;
			buildActionMask = 2147483647;
			files = (
				51A073314DF54AE0591E4D13 /* CalendarDiagnosticLog.swift in Sources */,
				6B903A7090BF99F60373BE2B /* CalendarService.swift in Sources */,
				E309FDA8BA288ED387C1E7B7 /* CommuteEngine.swift in Sources */,
				924F4B37052816475EC14F9B /* CommutePresentation.swift in Sources */,
				0974690191FE6BA0E491752A /* Constants.swift in Sources */,
				147E741C8A3E4AC0C8DE49B7 /* CountdownFormatting.swift in Sources */,
				20D8F966A0C611A0FE03DD1F /* FGCRealtimeService.swift in Sources */,
				08B813432A1CE2F8EA021B5E /* FGCServiceAlertsService.swift in Sources */,
				E7FD7B7038A90727A9616E87 /* FGCStaticService.swift in Sources */,
				7F460E20D1ADA8EA3005603C /* GTFSCSVParser.swift in Sources */,
				A60C9CB08B2F776AF9B5BB59 /* GTFSUpdateService.swift in Sources */,
				2D864BC8AB8865EFBA51D5AF /* LocationService.swift in Sources */,
				8582B6EBD0FC12A522D15129 /* MenuBarView.swift in Sources */,
				1D477E9706D39F1A82C5F628 /* PingActivityAttributes.swift in Sources */,
				ABBC85D0544F5FFBA02D1984 /* PingMacApp.swift in Sources */,
				DAF55A7C2B6906E3AFD0078B /* PingStore.swift in Sources */,
				46A6DD87F6EC320B9CF227A6 /* ServiceAlertPresentation.swift in Sources */,
				43A1013CA02B274A22649FDE /* ServiceProtocols.swift in Sources */,
				C2E86D705A15F946A33A6B76 /* SharedContainer.swift in Sources */,
				BB552271A2211508A2471963 /* SharedSettingsView.swift in Sources */,
				8CAB4D7B392FFE7CA25B5132 /* TMBCredentialProvider.swift in Sources */,
				6B292E685D0F89DFB11FEF31 /* TMBModels.swift in Sources */,
				E61FF7F0AEF32944B8A066C9 /* TMBStaticService.swift in Sources */,
				784350677213873A9475D86A /* TMBiBusService.swift in Sources */,
				FD0D238CA4614905A5B00910 /* TransitModels.swift in Sources */,
				A7787CDE8E7BA4133A06F7EE /* WalkingETAService.swift in Sources */,
				B7C0C2139450C386F3ACE7B6 /* gtfs-realtime.pb.swift in Sources */,
			);
			runOnlyForDeploymentPostprocessing = 0;
		};
/* End PBXSourcesBuildPhase section */

/* Begin PBXTargetDependency section */
		A69E03E3BDB2DF6DC19F776B /* PBXTargetDependency */ = {
			isa = PBXTargetDependency;
			target = AF6C43B513E29B23F2454BD7 /* PingWidgets */;
			targetProxy = B6DE8C423F3E35BF90D3F458 /* PBXContainerItemProxy */;
		};
/* End PBXTargetDependency section */

/* Begin XCBuildConfiguration section */
		2301B415E42AC874FDF89FDB /* Debug */ = {
			isa = XCBuildConfiguration;
			buildSettings = {
				ASSETCATALOG_COMPILER_APPICON_NAME = AppIcon;
				COMBINE_HIDPI_IMAGES = YES;
				INFOPLIST_FILE = macOS/Info.plist;
				LD_RUNPATH_SEARCH_PATHS = (
					"$(inherited)",
					"@executable_path/../Frameworks",
				);
				MACOSX_DEPLOYMENT_TARGET = 26.0;
				PRODUCT_BUNDLE_IDENTIFIER = app.ping.macos;
				SDKROOT = macosx;
			};
			name = Debug;
		};
		3180933E9DA0FFBD379F4C4B /* Debug */ = {
			isa = XCBuildConfiguration;
			buildSettings = {
				DEVELOPMENT_TEAM = WXKM9YZDXT;
				INFOPLIST_FILE = Widgets/Info.plist;
				IPHONEOS_DEPLOYMENT_TARGET = 26.0;
				LD_RUNPATH_SEARCH_PATHS = (
					"$(inherited)",
					"@executable_path/Frameworks",
					"@executable_path/../../Frameworks",
				);
				PRODUCT_BUNDLE_IDENTIFIER = app.ping.ios.widgets;
				PRODUCT_MODULE_NAME = PingWidgets;
				PRODUCT_NAME = PingWidgets;
				SDKROOT = iphoneos;
				TARGETED_DEVICE_FAMILY = "1,2";
			};
			name = Debug;
		};
		4999E846DD2D1181DE3F91D4 /* Debug */ = {
			isa = XCBuildConfiguration;
			baseConfigurationReference = 8DAF48A42884B0276B96B3D0 /* TMBKeys.xcconfig */;
			buildSettings = {
				ASSETCATALOG_COMPILER_APPICON_NAME = AppIcon;
				CODE_SIGN_IDENTITY = "iPhone Developer";
				DEVELOPMENT_TEAM = WXKM9YZDXT;
				GENERATE_INFOPLIST_FILE = NO;
				INFOPLIST_FILE = iOS/Info.plist;
				IPHONEOS_DEPLOYMENT_TARGET = 26.0;
				LD_RUNPATH_SEARCH_PATHS = (
					"$(inherited)",
					"@executable_path/Frameworks",
				);
				PRODUCT_BUNDLE_IDENTIFIER = app.ping.ios;
				SDKROOT = iphoneos;
				TARGETED_DEVICE_FAMILY = "1,2";
			};
			name = Debug;
		};
		B211F378B9CFBA8B3C8EFF42 /* Release */ = {
			isa = XCBuildConfiguration;
			baseConfigurationReference = 8DAF48A42884B0276B96B3D0 /* TMBKeys.xcconfig */;
			buildSettings = {
				ASSETCATALOG_COMPILER_APPICON_NAME = AppIcon;
				CODE_SIGN_IDENTITY = "iPhone Developer";
				DEVELOPMENT_TEAM = WXKM9YZDXT;
				GENERATE_INFOPLIST_FILE = NO;
				INFOPLIST_FILE = iOS/Info.plist;
				IPHONEOS_DEPLOYMENT_TARGET = 26.0;
				LD_RUNPATH_SEARCH_PATHS = (
					"$(inherited)",
					"@executable_path/Frameworks",
				);
				PRODUCT_BUNDLE_IDENTIFIER = app.ping.ios;
				SDKROOT = iphoneos;
				TARGETED_DEVICE_FAMILY = "1,2";
			};
			name = Release;
		};
		B7C94E8EE46193BF5C900953 /* Debug */ = {
			isa = XCBuildConfiguration;
			buildSettings = {
				ALWAYS_SEARCH_USER_PATHS = NO;
				CLANG_ANALYZER_NONNULL = YES;
				CLANG_ANALYZER_NUMBER_OBJECT_CONVERSION = YES_AGGRESSIVE;
				CLANG_CXX_LANGUAGE_STANDARD = "gnu++14";
				CLANG_CXX_LIBRARY = "libc++";
				CLANG_ENABLE_MODULES = YES;
				CLANG_ENABLE_OBJC_ARC = YES;
				CLANG_ENABLE_OBJC_WEAK = YES;
				CLANG_WARN_BLOCK_CAPTURE_AUTORELEASING = YES;
				CLANG_WARN_BOOL_CONVERSION = YES;
				CLANG_WARN_COMMA = YES;
				CLANG_WARN_CONSTANT_CONVERSION = YES;
				CLANG_WARN_DEPRECATED_OBJC_IMPLEMENTATIONS = YES;
				CLANG_WARN_DIRECT_OBJC_ISA_USAGE = YES_ERROR;
				CLANG_WARN_DOCUMENTATION_COMMENTS = YES;
				CLANG_WARN_EMPTY_BODY = YES;
				CLANG_WARN_ENUM_CONVERSION = YES;
				CLANG_WARN_INFINITE_RECURSION = YES;
				CLANG_WARN_INT_CONVERSION = YES;
				CLANG_WARN_NON_LITERAL_NULL_CONVERSION = YES;
				CLANG_WARN_OBJC_IMPLICIT_RETAIN_SELF = YES;
				CLANG_WARN_OBJC_LITERAL_CONVERSION = YES;
				CLANG_WARN_OBJC_ROOT_CLASS = YES_ERROR;
				CLANG_WARN_QUOTED_INCLUDE_IN_FRAMEWORK_HEADER = YES;
				CLANG_WARN_RANGE_LOOP_ANALYSIS = YES;
				CLANG_WARN_STRICT_PROTOTYPES = YES;
				CLANG_WARN_SUSPICIOUS_MOVE = YES;
				CLANG_WARN_UNGUARDED_AVAILABILITY = YES_AGGRESSIVE;
				CLANG_WARN_UNREACHABLE_CODE = YES;
				CLANG_WARN__DUPLICATE_METHOD_MATCH = YES;
				COPY_PHASE_STRIP = NO;
				CURRENT_PROJECT_VERSION = 1;
				DEBUG_INFORMATION_FORMAT = dwarf;
				ENABLE_STRICT_OBJC_MSGSEND = YES;
				ENABLE_TESTABILITY = YES;
				GCC_C_LANGUAGE_STANDARD = gnu11;
				GCC_DYNAMIC_NO_PIC = NO;
				GCC_NO_COMMON_BLOCKS = YES;
				GCC_OPTIMIZATION_LEVEL = 0;
				GCC_PREPROCESSOR_DEFINITIONS = (
					"$(inherited)",
					"DEBUG=1",
				);
				GCC_WARN_64_TO_32_BIT_CONVERSION = YES;
				GCC_WARN_ABOUT_RETURN_TYPE = YES_ERROR;
				GCC_WARN_UNDECLARED_SELECTOR = YES;
				GCC_WARN_UNINITIALIZED_AUTOS = YES_AGGRESSIVE;
				GCC_WARN_UNUSED_FUNCTION = YES;
				GCC_WARN_UNUSED_VARIABLE = YES;
				IPHONEOS_DEPLOYMENT_TARGET = 26.0;
				MACOSX_DEPLOYMENT_TARGET = 26.0;
				MARKETING_VERSION = 1.0;
				MTL_ENABLE_DEBUG_INFO = INCLUDE_SOURCE;
				MTL_FAST_MATH = YES;
				ONLY_ACTIVE_ARCH = YES;
				PRODUCT_NAME = Ping;
				SWIFT_ACTIVE_COMPILATION_CONDITIONS = DEBUG;
				SWIFT_OPTIMIZATION_LEVEL = "-Onone";
				SWIFT_VERSION = 6.0;
			};
			name = Debug;
		};
		E1EF64693C93F74DF4AFD463 /* Release */ = {
			isa = XCBuildConfiguration;
			buildSettings = {
				ALWAYS_SEARCH_USER_PATHS = NO;
				CLANG_ANALYZER_NONNULL = YES;
				CLANG_ANALYZER_NUMBER_OBJECT_CONVERSION = YES_AGGRESSIVE;
				CLANG_CXX_LANGUAGE_STANDARD = "gnu++14";
				CLANG_CXX_LIBRARY = "libc++";
				CLANG_ENABLE_MODULES = YES;
				CLANG_ENABLE_OBJC_ARC = YES;
				CLANG_ENABLE_OBJC_WEAK = YES;
				CLANG_WARN_BLOCK_CAPTURE_AUTORELEASING = YES;
				CLANG_WARN_BOOL_CONVERSION = YES;
				CLANG_WARN_COMMA = YES;
				CLANG_WARN_CONSTANT_CONVERSION = YES;
				CLANG_WARN_DEPRECATED_OBJC_IMPLEMENTATIONS = YES;
				CLANG_WARN_DIRECT_OBJC_ISA_USAGE = YES_ERROR;
				CLANG_WARN_DOCUMENTATION_COMMENTS = YES;
				CLANG_WARN_EMPTY_BODY = YES;
				CLANG_WARN_ENUM_CONVERSION = YES;
				CLANG_WARN_INFINITE_RECURSION = YES;
				CLANG_WARN_INT_CONVERSION = YES;
				CLANG_WARN_NON_LITERAL_NULL_CONVERSION = YES;
				CLANG_WARN_OBJC_IMPLICIT_RETAIN_SELF = YES;
				CLANG_WARN_OBJC_LITERAL_CONVERSION = YES;
				CLANG_WARN_OBJC_ROOT_CLASS = YES_ERROR;
				CLANG_WARN_QUOTED_INCLUDE_IN_FRAMEWORK_HEADER = YES;
				CLANG_WARN_RANGE_LOOP_ANALYSIS = YES;
				CLANG_WARN_STRICT_PROTOTYPES = YES;
				CLANG_WARN_SUSPICIOUS_MOVE = YES;
				CLANG_WARN_UNGUARDED_AVAILABILITY = YES_AGGRESSIVE;
				CLANG_WARN_UNREACHABLE_CODE = YES;
				CLANG_WARN__DUPLICATE_METHOD_MATCH = YES;
				COPY_PHASE_STRIP = NO;
				CURRENT_PROJECT_VERSION = 1;
				DEBUG_INFORMATION_FORMAT = "dwarf-with-dsym";
				ENABLE_NS_ASSERTIONS = NO;
				ENABLE_STRICT_OBJC_MSGSEND = YES;
				GCC_C_LANGUAGE_STANDARD = gnu11;
				GCC_NO_COMMON_BLOCKS = YES;
				GCC_WARN_64_TO_32_BIT_CONVERSION = YES;
				GCC_WARN_ABOUT_RETURN_TYPE = YES_ERROR;
				GCC_WARN_UNDECLARED_SELECTOR = YES;
				GCC_WARN_UNINITIALIZED_AUTOS = YES_AGGRESSIVE;
				GCC_WARN_UNUSED_FUNCTION = YES;
				GCC_WARN_UNUSED_VARIABLE = YES;
				IPHONEOS_DEPLOYMENT_TARGET = 26.0;
				MACOSX_DEPLOYMENT_TARGET = 26.0;
				MARKETING_VERSION = 1.0;
				MTL_ENABLE_DEBUG_INFO = NO;
				MTL_FAST_MATH = YES;
				PRODUCT_NAME = Ping;
				SWIFT_COMPILATION_MODE = wholemodule;
				SWIFT_OPTIMIZATION_LEVEL = "-O";
				SWIFT_VERSION = 6.0;
			};
			name = Release;
		};
		E599B65C7F82F9D581981B0A /* Release */ = {
			isa = XCBuildConfiguration;
			buildSettings = {
				DEVELOPMENT_TEAM = WXKM9YZDXT;
				INFOPLIST_FILE = Widgets/Info.plist;
				IPHONEOS_DEPLOYMENT_TARGET = 26.0;
				LD_RUNPATH_SEARCH_PATHS = (
					"$(inherited)",
					"@executable_path/Frameworks",
					"@executable_path/../../Frameworks",
				);
				PRODUCT_BUNDLE_IDENTIFIER = app.ping.ios.widgets;
				PRODUCT_MODULE_NAME = PingWidgets;
				PRODUCT_NAME = PingWidgets;
				SDKROOT = iphoneos;
				TARGETED_DEVICE_FAMILY = "1,2";
			};
			name = Release;
		};
		FF838E268D87AFE02C693DD7 /* Release */ = {
			isa = XCBuildConfiguration;
			buildSettings = {
				ASSETCATALOG_COMPILER_APPICON_NAME = AppIcon;
				COMBINE_HIDPI_IMAGES = YES;
				INFOPLIST_FILE = macOS/Info.plist;
				LD_RUNPATH_SEARCH_PATHS = (
					"$(inherited)",
					"@executable_path/../Frameworks",
				);
				MACOSX_DEPLOYMENT_TARGET = 26.0;
				PRODUCT_BUNDLE_IDENTIFIER = app.ping.macos;
				SDKROOT = macosx;
			};
			name = Release;
		};
/* End XCBuildConfiguration section */

/* Begin XCConfigurationList section */
		4615D1E07D73735E3D8EE280 /* Build configuration list for PBXNativeTarget "Ping iOS" */ = {
			isa = XCConfigurationList;
			buildConfigurations = (
				4999E846DD2D1181DE3F91D4 /* Debug */,
				B211F378B9CFBA8B3C8EFF42 /* Release */,
			);
			defaultConfigurationIsVisible = 0;
			defaultConfigurationName = Debug;
		};
		73BBE7CE9FAEB2C283B1AAA1 /* Build configuration list for PBXProject "Ping" */ = {
			isa = XCConfigurationList;
			buildConfigurations = (
				B7C94E8EE46193BF5C900953 /* Debug */,
				E1EF64693C93F74DF4AFD463 /* Release */,
			);
			defaultConfigurationIsVisible = 0;
			defaultConfigurationName = Debug;
		};
		9CFC45A6D0E6F1B742EEA645 /* Build configuration list for PBXNativeTarget "PingWidgets" */ = {
			isa = XCConfigurationList;
			buildConfigurations = (
				3180933E9DA0FFBD379F4C4B /* Debug */,
				E599B65C7F82F9D581981B0A /* Release */,
			);
			defaultConfigurationIsVisible = 0;
			defaultConfigurationName = Debug;
		};
		C74B001044C2E311FFE224A6 /* Build configuration list for PBXNativeTarget "Ping macOS" */ = {
			isa = XCConfigurationList;
			buildConfigurations = (
				2301B415E42AC874FDF89FDB /* Debug */,
				FF838E268D87AFE02C693DD7 /* Release */,
			);
			defaultConfigurationIsVisible = 0;
			defaultConfigurationName = Debug;
		};
/* End XCConfigurationList section */

/* Begin XCRemoteSwiftPackageReference section */
		A8BA4DE28556132D1D3D5796 /* XCRemoteSwiftPackageReference "ZIPFoundation" */ = {
			isa = XCRemoteSwiftPackageReference;
			repositoryURL = "https://github.com/weichsel/ZIPFoundation.git";
			requirement = {
				kind = upToNextMajorVersion;
				minimumVersion = 0.9.19;
			};
		};
		B9456400D6E8973F8DD6EB0D /* XCRemoteSwiftPackageReference "swift-protobuf" */ = {
			isa = XCRemoteSwiftPackageReference;
			repositoryURL = "https://github.com/apple/swift-protobuf.git";
			requirement = {
				kind = upToNextMajorVersion;
				minimumVersion = 1.36.0;
			};
		};
/* End XCRemoteSwiftPackageReference section */

/* Begin XCSwiftPackageProductDependency section */
		29A6F518F2ACCF5955776403 /* ZIPFoundation */ = {
			isa = XCSwiftPackageProductDependency;
			package = A8BA4DE28556132D1D3D5796 /* XCRemoteSwiftPackageReference "ZIPFoundation" */;
			productName = ZIPFoundation;
		};
		3AF62F9122E1AE1EBFFB27FC /* SwiftProtobuf */ = {
			isa = XCSwiftPackageProductDependency;
			package = B9456400D6E8973F8DD6EB0D /* XCRemoteSwiftPackageReference "swift-protobuf" */;
			productName = SwiftProtobuf;
		};
		74235549CDBFB0043E4B7AEC /* ZIPFoundation */ = {
			isa = XCSwiftPackageProductDependency;
			package = A8BA4DE28556132D1D3D5796 /* XCRemoteSwiftPackageReference "ZIPFoundation" */;
			productName = ZIPFoundation;
		};
		7832DD8A33D463BD92DB21C0 /* SwiftProtobuf */ = {
			isa = XCSwiftPackageProductDependency;
			package = B9456400D6E8973F8DD6EB0D /* XCRemoteSwiftPackageReference "swift-protobuf" */;
			productName = SwiftProtobuf;
		};
		81D935DD02BA4651DE209140 /* ZIPFoundation */ = {
			isa = XCSwiftPackageProductDependency;
			package = A8BA4DE28556132D1D3D5796 /* XCRemoteSwiftPackageReference "ZIPFoundation" */;
			productName = ZIPFoundation;
		};
		D44F74B49E2D1C955FF1C6AC /* SwiftProtobuf */ = {
			isa = XCSwiftPackageProductDependency;
			package = B9456400D6E8973F8DD6EB0D /* XCRemoteSwiftPackageReference "swift-protobuf" */;
			productName = SwiftProtobuf;
		};
/* End XCSwiftPackageProductDependency section */
	};
	rootObject = B9E9704F4D85DED7987417C2 /* Project object */;
}
